// !$*UTF8*$!
{
	archiveVersion = 1;
	classes = {
	};
	objectVersion = 46;
	objects = {

/* Begin PBXBuildFile section */
		90001C301B66B8BE00E4F6D7 /* main.m in Sources */ = {isa = PBXBuildFile; fileRef = 90001C2F1B66B8BE00E4F6D7 /* main.m */; };
		90001C331B66B8BE00E4F6D7 /* AppDelegate.m in Sources */ = {isa = PBXBuildFile; fileRef = 90001C321B66B8BE00E4F6D7 /* AppDelegate.m */; };
		90001C361B66B8BE00E4F6D7 /* ViewController.m in Sources */ = {isa = PBXBuildFile; fileRef = 90001C351B66B8BE00E4F6D7 /* ViewController.m */; };
		90001C391B66B8BF00E4F6D7 /* Main.storyboard in Resources */ = {isa = PBXBuildFile; fileRef = 90001C371B66B8BF00E4F6D7 /* Main.storyboard */; };
		90001C3B1B66B8BF00E4F6D7 /* Images.xcassets in Resources */ = {isa = PBXBuildFile; fileRef = 90001C3A1B66B8BF00E4F6D7 /* Images.xcassets */; };
		90001C3E1B66B8BF00E4F6D7 /* LaunchScreen.xib in Resources */ = {isa = PBXBuildFile; fileRef = 90001C3C1B66B8BF00E4F6D7 /* LaunchScreen.xib */; };
		90001C641B66BADD00E4F6D7 /* baby_complete_btn.png in Resources */ = {isa = PBXBuildFile; fileRef = 90001C541B66BADD00E4F6D7 /* baby_complete_btn.png */; };
		90001C651B66BADD00E4F6D7 /* baby_nav_bar.png in Resources */ = {isa = PBXBuildFile; fileRef = 90001C551B66BADD00E4F6D7 /* baby_nav_bar.png */; };
		90001C661B66BADD00E4F6D7 /* baby_notification.png in Resources */ = {isa = PBXBuildFile; fileRef = 90001C561B66BADD00E4F6D7 /* baby_notification.png */; };
		90001C671B66BADD00E4F6D7 /* forgot_btn.png in Resources */ = {isa = PBXBuildFile; fileRef = 90001C571B66BADD00E4F6D7 /* forgot_btn.png */; };
		90001C681B66BADD00E4F6D7 /* forgot_nav_bar.png in Resources */ = {isa = PBXBuildFile; fileRef = 90001C581B66BADD00E4F6D7 /* forgot_nav_bar.png */; };
		90001C691B66BADD00E4F6D7 /* login_divide_bar.png in Resources */ = {isa = PBXBuildFile; fileRef = 90001C591B66BADD00E4F6D7 /* login_divide_bar.png */; };
		90001C6A1B66BADD00E4F6D7 /* login_login_btn.png in Resources */ = {isa = PBXBuildFile; fileRef = 90001C5A1B66BADD00E4F6D7 /* login_login_btn.png */; };
		90001C6B1B66BADD00E4F6D7 /* login_nav_bar.png in Resources */ = {isa = PBXBuildFile; fileRef = 90001C5B1B66BADD00E4F6D7 /* login_nav_bar.png */; };
		90001C6C1B66BADD00E4F6D7 /* login_wechat_btn.png in Resources */ = {isa = PBXBuildFile; fileRef = 90001C5C1B66BADD00E4F6D7 /* login_wechat_btn.png */; };
		90001C6D1B66BADD00E4F6D7 /* login_weibo_btn.png in Resources */ = {isa = PBXBuildFile; fileRef = 90001C5D1B66BADD00E4F6D7 /* login_weibo_btn.png */; };
		90001C6E1B66BADD00E4F6D7 /* Main_signin_btn.png in Resources */ = {isa = PBXBuildFile; fileRef = 90001C5E1B66BADD00E4F6D7 /* Main_signin_btn.png */; };
		90001C6F1B66BADD00E4F6D7 /* Main_signup_btn.png in Resources */ = {isa = PBXBuildFile; fileRef = 90001C5F1B66BADD00E4F6D7 /* Main_signup_btn.png */; };
		90001C701B66BADD00E4F6D7 /* signup_nav_bar.png in Resources */ = {isa = PBXBuildFile; fileRef = 90001C601B66BADD00E4F6D7 /* signup_nav_bar.png */; };
		90001C711B66BADD00E4F6D7 /* signup_signup_btn.png in Resources */ = {isa = PBXBuildFile; fileRef = 90001C611B66BADD00E4F6D7 /* signup_signup_btn.png */; };
		90001C721B66BADD00E4F6D7 /* verify_btn.png in Resources */ = {isa = PBXBuildFile; fileRef = 90001C621B66BADD00E4F6D7 /* verify_btn.png */; };
		90001C731B66BADD00E4F6D7 /* verify_nav_bar.png in Resources */ = {isa = PBXBuildFile; fileRef = 90001C631B66BADD00E4F6D7 /* verify_nav_bar.png */; };
		90001C781B676A8800E4F6D7 /* Main_logo.png in Resources */ = {isa = PBXBuildFile; fileRef = 90001C761B676A8800E4F6D7 /* Main_logo.png */; };
		90001C791B676A8800E4F6D7 /* Main_title.png in Resources */ = {isa = PBXBuildFile; fileRef = 90001C771B676A8800E4F6D7 /* Main_title.png */; };
		90001C7B1B6774E200E4F6D7 /* login_phone_countrynum.png in Resources */ = {isa = PBXBuildFile; fileRef = 90001C7A1B6774E200E4F6D7 /* login_phone_countrynum.png */; };
		90001C7F1B67766A00E4F6D7 /* LoginViewController.m in Sources */ = {isa = PBXBuildFile; fileRef = 90001C7E1B67766A00E4F6D7 /* LoginViewController.m */; };
		90001C831B67802C00E4F6D7 /* ForgotViewController.m in Sources */ = {isa = PBXBuildFile; fileRef = 90001C821B67802C00E4F6D7 /* ForgotViewController.m */; };
		90001C851B6780A100E4F6D7 /* back_btn.png in Resources */ = {isa = PBXBuildFile; fileRef = 90001C841B6780A100E4F6D7 /* back_btn.png */; };
		90001C891B67826600E4F6D7 /* ForgotVerifyViewController.m in Sources */ = {isa = PBXBuildFile; fileRef = 90001C881B67826600E4F6D7 /* ForgotVerifyViewController.m */; };
		90001C8D1B68F2C700E4F6D7 /* SignupViewController.m in Sources */ = {isa = PBXBuildFile; fileRef = 90001C8C1B68F2C700E4F6D7 /* SignupViewController.m */; };
		90001C911B68F5F800E4F6D7 /* signup_verify_btn.png in Resources */ = {isa = PBXBuildFile; fileRef = 90001C901B68F5F800E4F6D7 /* signup_verify_btn.png */; };
		90001C951B69019200E4F6D7 /* SignupVerifyViewController.m in Sources */ = {isa = PBXBuildFile; fileRef = 90001C941B69019200E4F6D7 /* SignupVerifyViewController.m */; };
		9018075E1B6964EB00AFF0A2 /* BabySignupViewController.m in Sources */ = {isa = PBXBuildFile; fileRef = 9018075D1B6964EB00AFF0A2 /* BabySignupViewController.m */; };
		901807C91B6F75DA00AFF0A2 /* profile_image_back.png in Resources */ = {isa = PBXBuildFile; fileRef = 901807C71B6F75DA00AFF0A2 /* profile_image_back.png */; };
		901807CA1B6F75DA00AFF0A2 /* profile_image_default.png in Resources */ = {isa = PBXBuildFile; fileRef = 901807C81B6F75DA00AFF0A2 /* profile_image_default.png */; };
		901807CF1B6F7D1300AFF0A2 /* ComboBoxView.m in Sources */ = {isa = PBXBuildFile; fileRef = 901807CE1B6F7D1300AFF0A2 /* ComboBoxView.m */; };
		901807D31B6FCDA200AFF0A2 /* Foundation.framework in Frameworks */ = {isa = PBXBuildFile; fileRef = 901807D11B6F7E7F00AFF0A2 /* Foundation.framework */; };
		901807DA1B6FCDD900AFF0A2 /* UIKit.framework in Frameworks */ = {isa = PBXBuildFile; fileRef = 901807D81B6FCDC200AFF0A2 /* UIKit.framework */; };
		901807DB1B6FCDD900AFF0A2 /* QuartzCore.framework in Frameworks */ = {isa = PBXBuildFile; fileRef = 901807D61B6FCDBB00AFF0A2 /* QuartzCore.framework */; };
		901807DC1B6FCDD900AFF0A2 /* CoreGraphics.framework in Frameworks */ = {isa = PBXBuildFile; fileRef = 901807D41B6FCDB100AFF0A2 /* CoreGraphics.framework */; };
		901807DE1B6FCFFD00AFF0A2 /* comboDropIndicator.png in Resources */ = {isa = PBXBuildFile; fileRef = 901807DD1B6FCFFD00AFF0A2 /* comboDropIndicator.png */; };
		9034AA181B71A73F0047CA79 /* profile_age_image.png in Resources */ = {isa = PBXBuildFile; fileRef = 9034A9FA1B71A73F0047CA79 /* profile_age_image.png */; };
		9034AA191B71A73F0047CA79 /* profile_baby_image.png in Resources */ = {isa = PBXBuildFile; fileRef = 9034A9FB1B71A73F0047CA79 /* profile_baby_image.png */; };
		9034AA1A1B71A73F0047CA79 /* profile_baby_mark.png in Resources */ = {isa = PBXBuildFile; fileRef = 9034A9FC1B71A73F0047CA79 /* profile_baby_mark.png */; };
		9034AA1B1B71A73F0047CA79 /* profile_background.png in Resources */ = {isa = PBXBuildFile; fileRef = 9034A9FD1B71A73F0047CA79 /* profile_background.png */; };
		9034AA1C1B71A73F0047CA79 /* profile_checkbtn_empty.png in Resources */ = {isa = PBXBuildFile; fileRef = 9034A9FE1B71A73F0047CA79 /* profile_checkbtn_empty.png */; };
		9034AA1D1B71A73F0047CA79 /* profile_checkbtn_fill.png in Resources */ = {isa = PBXBuildFile; fileRef = 9034A9FF1B71A73F0047CA79 /* profile_checkbtn_fill.png */; };
		9034AA1E1B71A73F0047CA79 /* profile_cloudy_image.png in Resources */ = {isa = PBXBuildFile; fileRef = 9034AA001B71A73F0047CA79 /* profile_cloudy_image.png */; };
		9034AA1F1B71A73F0047CA79 /* profile_comment_image.png in Resources */ = {isa = PBXBuildFile; fileRef = 9034AA011B71A73F0047CA79 /* profile_comment_image.png */; };
		9034AA201B71A73F0047CA79 /* profile_email_btn.png in Resources */ = {isa = PBXBuildFile; fileRef = 9034AA021B71A73F0047CA79 /* profile_email_btn.png */; };
		9034AA211B71A73F0047CA79 /* profile_event_back.png in Resources */ = {isa = PBXBuildFile; fileRef = 9034AA031B71A73F0047CA79 /* profile_event_back.png */; };
		9034AA221B71A73F0047CA79 /* profile_forward_image.png in Resources */ = {isa = PBXBuildFile; fileRef = 9034AA041B71A73F0047CA79 /* profile_forward_image.png */; };
		9034AA231B71A73F0047CA79 /* profile_image_back.png in Resources */ = {isa = PBXBuildFile; fileRef = 9034AA051B71A73F0047CA79 /* profile_image_back.png */; };
		9034AA241B71A73F0047CA79 /* profile_image_default.png in Resources */ = {isa = PBXBuildFile; fileRef = 9034AA061B71A73F0047CA79 /* profile_image_default.png */; };
		9034AA251B71A73F0047CA79 /* profile_like_image.png in Resources */ = {isa = PBXBuildFile; fileRef = 9034AA071B71A73F0047CA79 /* profile_like_image.png */; };
		9034AA261B71A73F0047CA79 /* profile_location_image.png in Resources */ = {isa = PBXBuildFile; fileRef = 9034AA081B71A73F0047CA79 /* profile_location_image.png */; };
		9034AA271B71A73F0047CA79 /* profile_lock_image.png in Resources */ = {isa = PBXBuildFile; fileRef = 9034AA091B71A73F0047CA79 /* profile_lock_image.png */; };
		9034AA281B71A73F0047CA79 /* profile_menu_global.png in Resources */ = {isa = PBXBuildFile; fileRef = 9034AA0A1B71A73F0047CA79 /* profile_menu_global.png */; };
		9034AA291B71A73F0047CA79 /* profile_menu_lock.png in Resources */ = {isa = PBXBuildFile; fileRef = 9034AA0B1B71A73F0047CA79 /* profile_menu_lock.png */; };
		9034AA2A1B71A73F0047CA79 /* profile_menu_people.png in Resources */ = {isa = PBXBuildFile; fileRef = 9034AA0C1B71A73F0047CA79 /* profile_menu_people.png */; };
		9034AA2B1B71A73F0047CA79 /* profile_person_image.png in Resources */ = {isa = PBXBuildFile; fileRef = 9034AA0D1B71A73F0047CA79 /* profile_person_image.png */; };
		9034AA2C1B71A73F0047CA79 /* profile_rain_image.png in Resources */ = {isa = PBXBuildFile; fileRef = 9034AA0E1B71A73F0047CA79 /* profile_rain_image.png */; };
		9034AA2D1B71A73F0047CA79 /* profile_search_btn.png in Resources */ = {isa = PBXBuildFile; fileRef = 9034AA0F1B71A73F0047CA79 /* profile_search_btn.png */; };
		9034AA2E1B71A73F0047CA79 /* profile_seperator.png in Resources */ = {isa = PBXBuildFile; fileRef = 9034AA101B71A73F0047CA79 /* profile_seperator.png */; };
		9034AA2F1B71A73F0047CA79 /* profile_sun_image.png in Resources */ = {isa = PBXBuildFile; fileRef = 9034AA111B71A73F0047CA79 /* profile_sun_image.png */; };
		9034AA301B71A73F0047CA79 /* profile_suncloudy_image.png in Resources */ = {isa = PBXBuildFile; fileRef = 9034AA121B71A73F0047CA79 /* profile_suncloudy_image.png */; };
		9034AA311B71A73F0047CA79 /* profile_timeline.png in Resources */ = {isa = PBXBuildFile; fileRef = 9034AA131B71A73F0047CA79 /* profile_timeline.png */; };
		9034AA321B71A73F0047CA79 /* profile_tree_btn.png in Resources */ = {isa = PBXBuildFile; fileRef = 9034AA141B71A73F0047CA79 /* profile_tree_btn.png */; };
		9034AA331B71A73F0047CA79 /* profile_user_image.png in Resources */ = {isa = PBXBuildFile; fileRef = 9034AA151B71A73F0047CA79 /* profile_user_image.png */; };
		9034AA341B71A73F0047CA79 /* profile_wechat_btn.png in Resources */ = {isa = PBXBuildFile; fileRef = 9034AA161B71A73F0047CA79 /* profile_wechat_btn.png */; };
		9034AA351B71A73F0047CA79 /* profile_weibo_btn.png in Resources */ = {isa = PBXBuildFile; fileRef = 9034AA171B71A73F0047CA79 /* profile_weibo_btn.png */; };
		9034AA3B1B71AAB10047CA79 /* tab_home_btn.png in Resources */ = {isa = PBXBuildFile; fileRef = 9034AA361B71AAB10047CA79 /* tab_home_btn.png */; };
		9034AA3C1B71AAB10047CA79 /* tab_plus_btn.png in Resources */ = {isa = PBXBuildFile; fileRef = 9034AA371B71AAB10047CA79 /* tab_plus_btn.png */; };
		9034AA3D1B71AAB10047CA79 /* tab_profile_btn.png in Resources */ = {isa = PBXBuildFile; fileRef = 9034AA381B71AAB10047CA79 /* tab_profile_btn.png */; };
		9034AA3E1B71AAB10047CA79 /* tab_record_btn.png in Resources */ = {isa = PBXBuildFile; fileRef = 9034AA391B71AAB10047CA79 /* tab_record_btn.png */; };
		9034AA3F1B71AAB10047CA79 /* tab_relative_btn.png in Resources */ = {isa = PBXBuildFile; fileRef = 9034AA3A1B71AAB10047CA79 /* tab_relative_btn.png */; };
		9034AA411B71D8C00047CA79 /* profile_baby_background.png in Resources */ = {isa = PBXBuildFile; fileRef = 9034AA401B71D8C00047CA79 /* profile_baby_background.png */; };
		9034AA451B721E8B0047CA79 /* GrowthRecordViewController.m in Sources */ = {isa = PBXBuildFile; fileRef = 9034AA441B721E8B0047CA79 /* GrowthRecordViewController.m */; };
		9034AA481B721ED60047CA79 /* GrowthRecordViewCell.m in Sources */ = {isa = PBXBuildFile; fileRef = 9034AA471B721ED60047CA79 /* GrowthRecordViewCell.m */; };
		9034AA621B73134C0047CA79 /* create_add_photo_button.png in Resources */ = {isa = PBXBuildFile; fileRef = 9034AA4E1B73134C0047CA79 /* create_add_photo_button.png */; };
		9034AA631B73134C0047CA79 /* create_big_event_fill_image.png in Resources */ = {isa = PBXBuildFile; fileRef = 9034AA4F1B73134C0047CA79 /* create_big_event_fill_image.png */; };
		9034AA641B73134C0047CA79 /* create_big_event_image.png in Resources */ = {isa = PBXBuildFile; fileRef = 9034AA501B73134C0047CA79 /* create_big_event_image.png */; };
		9034AA651B73134C0047CA79 /* create_cameraroll_button.png in Resources */ = {isa = PBXBuildFile; fileRef = 9034AA511B73134C0047CA79 /* create_cameraroll_button.png */; };
		9034AA661B73134C0047CA79 /* create_edit_button.png in Resources */ = {isa = PBXBuildFile; fileRef = 9034AA521B73134C0047CA79 /* create_edit_button.png */; };
		9034AA671B73134C0047CA79 /* create_empty_button.png in Resources */ = {isa = PBXBuildFile; fileRef = 9034AA531B73134C0047CA79 /* create_empty_button.png */; };
		9034AA681B73134C0047CA79 /* create_fill_button.png in Resources */ = {isa = PBXBuildFile; fileRef = 9034AA541B73134C0047CA79 /* create_fill_button.png */; };
		9034AA691B73134C0047CA79 /* create_icon_privacy.png in Resources */ = {isa = PBXBuildFile; fileRef = 9034AA551B73134C0047CA79 /* create_icon_privacy.png */; };
		9034AA6A1B73134C0047CA79 /* create_issue_button.png in Resources */ = {isa = PBXBuildFile; fileRef = 9034AA561B73134C0047CA79 /* create_issue_button.png */; };
		9034AA6B1B73134C0047CA79 /* create_option_image.png in Resources */ = {isa = PBXBuildFile; fileRef = 9034AA571B73134C0047CA79 /* create_option_image.png */; };
		9034AA6C1B73134C0047CA79 /* create_photo_button.png in Resources */ = {isa = PBXBuildFile; fileRef = 9034AA581B73134C0047CA79 /* create_photo_button.png */; };
		9034AA6D1B73134C0047CA79 /* create_playvideo_button.png in Resources */ = {isa = PBXBuildFile; fileRef = 9034AA591B73134C0047CA79 /* create_playvideo_button.png */; };
		9034AA6E1B73134C0047CA79 /* create_selecttime_empty_image.png in Resources */ = {isa = PBXBuildFile; fileRef = 9034AA5A1B73134C0047CA79 /* create_selecttime_empty_image.png */; };
		9034AA6F1B73134C0047CA79 /* create_selecttime_fill_image.png in Resources */ = {isa = PBXBuildFile; fileRef = 9034AA5B1B73134C0047CA79 /* create_selecttime_fill_image.png */; };
		9034AA701B73134C0047CA79 /* create_selecttime_gray_image.png in Resources */ = {isa = PBXBuildFile; fileRef = 9034AA5C1B73134C0047CA79 /* create_selecttime_gray_image.png */; };
		9034AA711B73134C0047CA79 /* create_tag_image.png in Resources */ = {isa = PBXBuildFile; fileRef = 9034AA5D1B73134C0047CA79 /* create_tag_image.png */; };
		9034AA721B73134C0047CA79 /* create_takephoto_button.png in Resources */ = {isa = PBXBuildFile; fileRef = 9034AA5E1B73134C0047CA79 /* create_takephoto_button.png */; };
		9034AA731B73134C0047CA79 /* create_takevideo_button.png in Resources */ = {isa = PBXBuildFile; fileRef = 9034AA5F1B73134C0047CA79 /* create_takevideo_button.png */; };
		9034AA741B73134C0047CA79 /* create_text_button.png in Resources */ = {isa = PBXBuildFile; fileRef = 9034AA601B73134C0047CA79 /* create_text_button.png */; };
		9034AA751B73134C0047CA79 /* create_video_button.png in Resources */ = {isa = PBXBuildFile; fileRef = 9034AA611B73134C0047CA79 /* create_video_button.png */; };
		9034AA771B73BD0B0047CA79 /* create_close_button.png in Resources */ = {isa = PBXBuildFile; fileRef = 9034AA761B73BD0B0047CA79 /* create_close_button.png */; };
		9034AA7B1B73BECA0047CA79 /* PostOptionViewController.m in Sources */ = {isa = PBXBuildFile; fileRef = 9034AA7A1B73BECA0047CA79 /* PostOptionViewController.m */; };
		9034AA7F1B73C7B00047CA79 /* MainTabbarController.m in Sources */ = {isa = PBXBuildFile; fileRef = 9034AA7E1B73C7B00047CA79 /* MainTabbarController.m */; };
		9034AA831B73DAAB0047CA79 /* PostTextViewController.m in Sources */ = {isa = PBXBuildFile; fileRef = 9034AA821B73DAAB0047CA79 /* PostTextViewController.m */; };
		9034AA851B73EB5C0047CA79 /* create_location_image.png in Resources */ = {isa = PBXBuildFile; fileRef = 9034AA841B73EB5C0047CA79 /* create_location_image.png */; };
		9034AA871B73ED8A0047CA79 /* create_global_image.png in Resources */ = {isa = PBXBuildFile; fileRef = 9034AA861B73ED8A0047CA79 /* create_global_image.png */; };
		9034AA8B1B7409820047CA79 /* PostSearchLocationViewController.m in Sources */ = {isa = PBXBuildFile; fileRef = 9034AA8A1B7409820047CA79 /* PostSearchLocationViewController.m */; };
		9034AA8E1B740A2F0047CA79 /* SearchLocationViewCell.m in Sources */ = {isa = PBXBuildFile; fileRef = 9034AA8D1B740A2F0047CA79 /* SearchLocationViewCell.m */; };
		9034AA921B741CF20047CA79 /* create_white_location_image.png in Resources */ = {isa = PBXBuildFile; fileRef = 9034AA911B741CF20047CA79 /* create_white_location_image.png */; };
		9034AAA51B7509E20047CA79 /* UIImage+UzysExtension.m in Sources */ = {isa = PBXBuildFile; fileRef = 9034AA951B7509E20047CA79 /* UIImage+UzysExtension.m */; };
		9034AAA61B7509E20047CA79 /* UzysAppearanceConfig.m in Sources */ = {isa = PBXBuildFile; fileRef = 9034AA971B7509E20047CA79 /* UzysAppearanceConfig.m */; };
		9034AAA71B7509E20047CA79 /* UzysAssetPickerController.bundle in Resources */ = {isa = PBXBuildFile; fileRef = 9034AA981B7509E20047CA79 /* UzysAssetPickerController.bundle */; };
		9034AAA81B7509E20047CA79 /* UzysAssetsPickerController.m in Sources */ = {isa = PBXBuildFile; fileRef = 9034AA9A1B7509E20047CA79 /* UzysAssetsPickerController.m */; };
		9034AAA91B7509E20047CA79 /* UzysAssetsPickerController.xib in Resources */ = {isa = PBXBuildFile; fileRef = 9034AA9B1B7509E20047CA79 /* UzysAssetsPickerController.xib */; };
		9034AAAA1B7509E20047CA79 /* UzysAssetsViewCell.m in Sources */ = {isa = PBXBuildFile; fileRef = 9034AA9E1B7509E20047CA79 /* UzysAssetsViewCell.m */; };
		9034AAAB1B7509E20047CA79 /* UzysGroupPickerView.m in Sources */ = {isa = PBXBuildFile; fileRef = 9034AAA01B7509E20047CA79 /* UzysGroupPickerView.m */; };
		9034AAAC1B7509E20047CA79 /* UzysGroupViewCell.m in Sources */ = {isa = PBXBuildFile; fileRef = 9034AAA21B7509E20047CA79 /* UzysGroupViewCell.m */; };
		9034AAAD1B7509E20047CA79 /* UzysWrapperPickerController.m in Sources */ = {isa = PBXBuildFile; fileRef = 9034AAA41B7509E20047CA79 /* UzysWrapperPickerController.m */; };
		9034AAB41B750A480047CA79 /* AssetsLibrary.framework in Frameworks */ = {isa = PBXBuildFile; fileRef = 9034AAB21B750A100047CA79 /* AssetsLibrary.framework */; };
		9034AAB51B750A480047CA79 /* MobileCoreServices.framework in Frameworks */ = {isa = PBXBuildFile; fileRef = 9034AAB01B750A080047CA79 /* MobileCoreServices.framework */; };
		9034AAB61B750A480047CA79 /* AVFoundation.framework in Frameworks */ = {isa = PBXBuildFile; fileRef = 9034AAAE1B750A000047CA79 /* AVFoundation.framework */; };
		9034ACC01B7559CA0047CA79 /* PhostPhotoViewController.m in Sources */ = {isa = PBXBuildFile; fileRef = 9034ACBF1B7559CA0047CA79 /* PhostPhotoViewController.m */; };
		9034AE6C1B7572F90047CA79 /* PostPhotoDaytimeViewController.m in Sources */ = {isa = PBXBuildFile; fileRef = 9034AE6B1B7572F90047CA79 /* PostPhotoDaytimeViewController.m */; };
		9034AE701B7573280047CA79 /* PostPhotoDaytimeSelectViewController.m in Sources */ = {isa = PBXBuildFile; fileRef = 9034AE6F1B7573280047CA79 /* PostPhotoDaytimeSelectViewController.m */; };
		9034AE951B75778D0047CA79 /* NSObject+YMOptionsAndDefaults.m in Sources */ = {isa = PBXBuildFile; fileRef = 9034AE911B75778D0047CA79 /* NSObject+YMOptionsAndDefaults.m */; };
		9034AE961B75778D0047CA79 /* README.md in Sources */ = {isa = PBXBuildFile; fileRef = 9034AE921B75778D0047CA79 /* README.md */; };
		9034AE971B75778D0047CA79 /* UIViewController+KNSemiModal.m in Sources */ = {isa = PBXBuildFile; fileRef = 9034AE941B75778D0047CA79 /* UIViewController+KNSemiModal.m */; };
		90F906DE1B75799F003E6BC7 /* Images.xcassets in Resources */ = {isa = PBXBuildFile; fileRef = 90F906D71B75799F003E6BC7 /* Images.xcassets */; };
		90F906DF1B75799F003E6BC7 /* THDateDay.m in Sources */ = {isa = PBXBuildFile; fileRef = 90F906D91B75799F003E6BC7 /* THDateDay.m */; };
		90F906E01B75799F003E6BC7 /* THDateDay.xib in Resources */ = {isa = PBXBuildFile; fileRef = 90F906DA1B75799F003E6BC7 /* THDateDay.xib */; };
		90F906E11B75799F003E6BC7 /* THDatePickerViewController.m in Sources */ = {isa = PBXBuildFile; fileRef = 90F906DC1B75799F003E6BC7 /* THDatePickerViewController.m */; };
		90F906E21B75799F003E6BC7 /* THDatePickerViewController.xib in Resources */ = {isa = PBXBuildFile; fileRef = 90F906DD1B75799F003E6BC7 /* THDatePickerViewController.xib */; };
		90F906E41B76D0F2003E6BC7 /* blue_button.png in Resources */ = {isa = PBXBuildFile; fileRef = 90F906E31B76D0F2003E6BC7 /* blue_button.png */; };
/* End PBXBuildFile section */

/* Begin PBXFileReference section */
		90001C2A1B66B8BE00E4F6D7 /* Shiwa.app */ = {isa = PBXFileReference; explicitFileType = wrapper.application; includeInIndex = 0; path = Shiwa.app; sourceTree = BUILT_PRODUCTS_DIR; };
		90001C2E1B66B8BE00E4F6D7 /* Info.plist */ = {isa = PBXFileReference; lastKnownFileType = text.plist.xml; path = Info.plist; sourceTree = "<group>"; };
		90001C2F1B66B8BE00E4F6D7 /* main.m */ = {isa = PBXFileReference; lastKnownFileType = sourcecode.c.objc; path = main.m; sourceTree = "<group>"; };
		90001C311B66B8BE00E4F6D7 /* AppDelegate.h */ = {isa = PBXFileReference; lastKnownFileType = sourcecode.c.h; path = AppDelegate.h; sourceTree = "<group>"; };
		90001C321B66B8BE00E4F6D7 /* AppDelegate.m */ = {isa = PBXFileReference; lastKnownFileType = sourcecode.c.objc; path = AppDelegate.m; sourceTree = "<group>"; };
		90001C341B66B8BE00E4F6D7 /* ViewController.h */ = {isa = PBXFileReference; lastKnownFileType = sourcecode.c.h; path = ViewController.h; sourceTree = "<group>"; };
		90001C351B66B8BE00E4F6D7 /* ViewController.m */ = {isa = PBXFileReference; lastKnownFileType = sourcecode.c.objc; path = ViewController.m; sourceTree = "<group>"; };
		90001C381B66B8BF00E4F6D7 /* Base */ = {isa = PBXFileReference; lastKnownFileType = file.storyboard; name = Base; path = Base.lproj/Main.storyboard; sourceTree = "<group>"; };
		90001C3A1B66B8BF00E4F6D7 /* Images.xcassets */ = {isa = PBXFileReference; lastKnownFileType = folder.assetcatalog; path = Images.xcassets; sourceTree = "<group>"; };
		90001C3D1B66B8BF00E4F6D7 /* Base */ = {isa = PBXFileReference; lastKnownFileType = file.xib; name = Base; path = Base.lproj/LaunchScreen.xib; sourceTree = "<group>"; };
		90001C481B66B8BF00E4F6D7 /* Info.plist */ = {isa = PBXFileReference; lastKnownFileType = text.plist.xml; path = Info.plist; sourceTree = "<group>"; };
		90001C491B66B8BF00E4F6D7 /* ShiwaTests.m */ = {isa = PBXFileReference; lastKnownFileType = sourcecode.c.objc; path = ShiwaTests.m; sourceTree = "<group>"; };
		90001C541B66BADD00E4F6D7 /* baby_complete_btn.png */ = {isa = PBXFileReference; lastKnownFileType = image.png; path = baby_complete_btn.png; sourceTree = "<group>"; };
		90001C551B66BADD00E4F6D7 /* baby_nav_bar.png */ = {isa = PBXFileReference; lastKnownFileType = image.png; path = baby_nav_bar.png; sourceTree = "<group>"; };
		90001C561B66BADD00E4F6D7 /* baby_notification.png */ = {isa = PBXFileReference; lastKnownFileType = image.png; path = baby_notification.png; sourceTree = "<group>"; };
		90001C571B66BADD00E4F6D7 /* forgot_btn.png */ = {isa = PBXFileReference; lastKnownFileType = image.png; path = forgot_btn.png; sourceTree = "<group>"; };
		90001C581B66BADD00E4F6D7 /* forgot_nav_bar.png */ = {isa = PBXFileReference; lastKnownFileType = image.png; path = forgot_nav_bar.png; sourceTree = "<group>"; };
		90001C591B66BADD00E4F6D7 /* login_divide_bar.png */ = {isa = PBXFileReference; lastKnownFileType = image.png; path = login_divide_bar.png; sourceTree = "<group>"; };
		90001C5A1B66BADD00E4F6D7 /* login_login_btn.png */ = {isa = PBXFileReference; lastKnownFileType = image.png; path = login_login_btn.png; sourceTree = "<group>"; };
		90001C5B1B66BADD00E4F6D7 /* login_nav_bar.png */ = {isa = PBXFileReference; lastKnownFileType = image.png; path = login_nav_bar.png; sourceTree = "<group>"; };
		90001C5C1B66BADD00E4F6D7 /* login_wechat_btn.png */ = {isa = PBXFileReference; lastKnownFileType = image.png; path = login_wechat_btn.png; sourceTree = "<group>"; };
		90001C5D1B66BADD00E4F6D7 /* login_weibo_btn.png */ = {isa = PBXFileReference; lastKnownFileType = image.png; path = login_weibo_btn.png; sourceTree = "<group>"; };
		90001C5E1B66BADD00E4F6D7 /* Main_signin_btn.png */ = {isa = PBXFileReference; lastKnownFileType = image.png; path = Main_signin_btn.png; sourceTree = "<group>"; };
		90001C5F1B66BADD00E4F6D7 /* Main_signup_btn.png */ = {isa = PBXFileReference; lastKnownFileType = image.png; path = Main_signup_btn.png; sourceTree = "<group>"; };
		90001C601B66BADD00E4F6D7 /* signup_nav_bar.png */ = {isa = PBXFileReference; lastKnownFileType = image.png; path = signup_nav_bar.png; sourceTree = "<group>"; };
		90001C611B66BADD00E4F6D7 /* signup_signup_btn.png */ = {isa = PBXFileReference; lastKnownFileType = image.png; path = signup_signup_btn.png; sourceTree = "<group>"; };
		90001C621B66BADD00E4F6D7 /* verify_btn.png */ = {isa = PBXFileReference; lastKnownFileType = image.png; path = verify_btn.png; sourceTree = "<group>"; };
		90001C631B66BADD00E4F6D7 /* verify_nav_bar.png */ = {isa = PBXFileReference; lastKnownFileType = image.png; path = verify_nav_bar.png; sourceTree = "<group>"; };
		90001C761B676A8800E4F6D7 /* Main_logo.png */ = {isa = PBXFileReference; lastKnownFileType = image.png; path = Main_logo.png; sourceTree = "<group>"; };
		90001C771B676A8800E4F6D7 /* Main_title.png */ = {isa = PBXFileReference; lastKnownFileType = image.png; path = Main_title.png; sourceTree = "<group>"; };
		90001C7A1B6774E200E4F6D7 /* login_phone_countrynum.png */ = {isa = PBXFileReference; lastKnownFileType = image.png; path = login_phone_countrynum.png; sourceTree = "<group>"; };
		90001C7D1B67766A00E4F6D7 /* LoginViewController.h */ = {isa = PBXFileReference; fileEncoding = 4; lastKnownFileType = sourcecode.c.h; name = LoginViewController.h; path = ViewControllers/LoginViewController/LoginViewController.h; sourceTree = "<group>"; };
		90001C7E1B67766A00E4F6D7 /* LoginViewController.m */ = {isa = PBXFileReference; fileEncoding = 4; lastKnownFileType = sourcecode.c.objc; name = LoginViewController.m; path = ViewControllers/LoginViewController/LoginViewController.m; sourceTree = "<group>"; };
		90001C811B67802C00E4F6D7 /* ForgotViewController.h */ = {isa = PBXFileReference; fileEncoding = 4; lastKnownFileType = sourcecode.c.h; name = ForgotViewController.h; path = ViewControllers/ForgotViewController/ForgotViewController.h; sourceTree = "<group>"; };
		90001C821B67802C00E4F6D7 /* ForgotViewController.m */ = {isa = PBXFileReference; fileEncoding = 4; lastKnownFileType = sourcecode.c.objc; name = ForgotViewController.m; path = ViewControllers/ForgotViewController/ForgotViewController.m; sourceTree = "<group>"; };
		90001C841B6780A100E4F6D7 /* back_btn.png */ = {isa = PBXFileReference; lastKnownFileType = image.png; path = back_btn.png; sourceTree = "<group>"; };
		90001C871B67826600E4F6D7 /* ForgotVerifyViewController.h */ = {isa = PBXFileReference; fileEncoding = 4; lastKnownFileType = sourcecode.c.h; name = ForgotVerifyViewController.h; path = ViewControllers/ForgotVerifyViewController/ForgotVerifyViewController.h; sourceTree = "<group>"; };
		90001C881B67826600E4F6D7 /* ForgotVerifyViewController.m */ = {isa = PBXFileReference; fileEncoding = 4; lastKnownFileType = sourcecode.c.objc; name = ForgotVerifyViewController.m; path = ViewControllers/ForgotVerifyViewController/ForgotVerifyViewController.m; sourceTree = "<group>"; };
		90001C8B1B68F2C700E4F6D7 /* SignupViewController.h */ = {isa = PBXFileReference; fileEncoding = 4; lastKnownFileType = sourcecode.c.h; name = SignupViewController.h; path = ViewControllers/SignupViewController/SignupViewController.h; sourceTree = "<group>"; };
		90001C8C1B68F2C700E4F6D7 /* SignupViewController.m */ = {isa = PBXFileReference; fileEncoding = 4; lastKnownFileType = sourcecode.c.objc; name = SignupViewController.m; path = ViewControllers/SignupViewController/SignupViewController.m; sourceTree = "<group>"; };
		90001C901B68F5F800E4F6D7 /* signup_verify_btn.png */ = {isa = PBXFileReference; lastKnownFileType = image.png; path = signup_verify_btn.png; sourceTree = "<group>"; };
		90001C931B69019200E4F6D7 /* SignupVerifyViewController.h */ = {isa = PBXFileReference; fileEncoding = 4; lastKnownFileType = sourcecode.c.h; name = SignupVerifyViewController.h; path = ViewControllers/SignupVerifyViewController/SignupVerifyViewController.h; sourceTree = "<group>"; };
		90001C941B69019200E4F6D7 /* SignupVerifyViewController.m */ = {isa = PBXFileReference; fileEncoding = 4; lastKnownFileType = sourcecode.c.objc; name = SignupVerifyViewController.m; path = ViewControllers/SignupVerifyViewController/SignupVerifyViewController.m; sourceTree = "<group>"; };
		9018075C1B6964EB00AFF0A2 /* BabySignupViewController.h */ = {isa = PBXFileReference; fileEncoding = 4; lastKnownFileType = sourcecode.c.h; name = BabySignupViewController.h; path = ViewControllers/BabySignupViewController/BabySignupViewController.h; sourceTree = "<group>"; };
		9018075D1B6964EB00AFF0A2 /* BabySignupViewController.m */ = {isa = PBXFileReference; fileEncoding = 4; lastKnownFileType = sourcecode.c.objc; name = BabySignupViewController.m; path = ViewControllers/BabySignupViewController/BabySignupViewController.m; sourceTree = "<group>"; };
		901807C71B6F75DA00AFF0A2 /* profile_image_back.png */ = {isa = PBXFileReference; lastKnownFileType = image.png; path = profile_image_back.png; sourceTree = "<group>"; };
		901807C81B6F75DA00AFF0A2 /* profile_image_default.png */ = {isa = PBXFileReference; lastKnownFileType = image.png; path = profile_image_default.png; sourceTree = "<group>"; };
		901807CD1B6F7D1300AFF0A2 /* ComboBoxView.h */ = {isa = PBXFileReference; fileEncoding = 4; lastKnownFileType = sourcecode.c.h; path = ComboBoxView.h; sourceTree = "<group>"; };
		901807CE1B6F7D1300AFF0A2 /* ComboBoxView.m */ = {isa = PBXFileReference; fileEncoding = 4; lastKnownFileType = sourcecode.c.objc; path = ComboBoxView.m; sourceTree = "<group>"; };
		901807D11B6F7E7F00AFF0A2 /* Foundation.framework */ = {isa = PBXFileReference; lastKnownFileType = wrapper.framework; name = Foundation.framework; path = System/Library/Frameworks/Foundation.framework; sourceTree = SDKROOT; };
		901807D41B6FCDB100AFF0A2 /* CoreGraphics.framework */ = {isa = PBXFileReference; lastKnownFileType = wrapper.framework; name = CoreGraphics.framework; path = System/Library/Frameworks/CoreGraphics.framework; sourceTree = SDKROOT; };
		901807D61B6FCDBB00AFF0A2 /* QuartzCore.framework */ = {isa = PBXFileReference; lastKnownFileType = wrapper.framework; name = QuartzCore.framework; path = System/Library/Frameworks/QuartzCore.framework; sourceTree = SDKROOT; };
		901807D81B6FCDC200AFF0A2 /* UIKit.framework */ = {isa = PBXFileReference; lastKnownFileType = wrapper.framework; name = UIKit.framework; path = System/Library/Frameworks/UIKit.framework; sourceTree = SDKROOT; };
		901807DD1B6FCFFD00AFF0A2 /* comboDropIndicator.png */ = {isa = PBXFileReference; lastKnownFileType = image.png; path = comboDropIndicator.png; sourceTree = "<group>"; };
		9034A9FA1B71A73F0047CA79 /* profile_age_image.png */ = {isa = PBXFileReference; lastKnownFileType = image.png; path = profile_age_image.png; sourceTree = "<group>"; };
		9034A9FB1B71A73F0047CA79 /* profile_baby_image.png */ = {isa = PBXFileReference; lastKnownFileType = image.png; path = profile_baby_image.png; sourceTree = "<group>"; };
		9034A9FC1B71A73F0047CA79 /* profile_baby_mark.png */ = {isa = PBXFileReference; lastKnownFileType = image.png; path = profile_baby_mark.png; sourceTree = "<group>"; };
		9034A9FD1B71A73F0047CA79 /* profile_background.png */ = {isa = PBXFileReference; lastKnownFileType = image.png; path = profile_background.png; sourceTree = "<group>"; };
		9034A9FE1B71A73F0047CA79 /* profile_checkbtn_empty.png */ = {isa = PBXFileReference; lastKnownFileType = image.png; path = profile_checkbtn_empty.png; sourceTree = "<group>"; };
		9034A9FF1B71A73F0047CA79 /* profile_checkbtn_fill.png */ = {isa = PBXFileReference; lastKnownFileType = image.png; path = profile_checkbtn_fill.png; sourceTree = "<group>"; };
		9034AA001B71A73F0047CA79 /* profile_cloudy_image.png */ = {isa = PBXFileReference; lastKnownFileType = image.png; path = profile_cloudy_image.png; sourceTree = "<group>"; };
		9034AA011B71A73F0047CA79 /* profile_comment_image.png */ = {isa = PBXFileReference; lastKnownFileType = image.png; path = profile_comment_image.png; sourceTree = "<group>"; };
		9034AA021B71A73F0047CA79 /* profile_email_btn.png */ = {isa = PBXFileReference; lastKnownFileType = image.png; path = profile_email_btn.png; sourceTree = "<group>"; };
		9034AA031B71A73F0047CA79 /* profile_event_back.png */ = {isa = PBXFileReference; lastKnownFileType = image.png; path = profile_event_back.png; sourceTree = "<group>"; };
		9034AA041B71A73F0047CA79 /* profile_forward_image.png */ = {isa = PBXFileReference; lastKnownFileType = image.png; path = profile_forward_image.png; sourceTree = "<group>"; };
		9034AA051B71A73F0047CA79 /* profile_image_back.png */ = {isa = PBXFileReference; lastKnownFileType = image.png; path = profile_image_back.png; sourceTree = "<group>"; };
		9034AA061B71A73F0047CA79 /* profile_image_default.png */ = {isa = PBXFileReference; lastKnownFileType = image.png; path = profile_image_default.png; sourceTree = "<group>"; };
		9034AA071B71A73F0047CA79 /* profile_like_image.png */ = {isa = PBXFileReference; lastKnownFileType = image.png; path = profile_like_image.png; sourceTree = "<group>"; };
		9034AA081B71A73F0047CA79 /* profile_location_image.png */ = {isa = PBXFileReference; lastKnownFileType = image.png; path = profile_location_image.png; sourceTree = "<group>"; };
		9034AA091B71A73F0047CA79 /* profile_lock_image.png */ = {isa = PBXFileReference; lastKnownFileType = image.png; path = profile_lock_image.png; sourceTree = "<group>"; };
		9034AA0A1B71A73F0047CA79 /* profile_menu_global.png */ = {isa = PBXFileReference; lastKnownFileType = image.png; path = profile_menu_global.png; sourceTree = "<group>"; };
		9034AA0B1B71A73F0047CA79 /* profile_menu_lock.png */ = {isa = PBXFileReference; lastKnownFileType = image.png; path = profile_menu_lock.png; sourceTree = "<group>"; };
		9034AA0C1B71A73F0047CA79 /* profile_menu_people.png */ = {isa = PBXFileReference; lastKnownFileType = image.png; path = profile_menu_people.png; sourceTree = "<group>"; };
		9034AA0D1B71A73F0047CA79 /* profile_person_image.png */ = {isa = PBXFileReference; lastKnownFileType = image.png; path = profile_person_image.png; sourceTree = "<group>"; };
		9034AA0E1B71A73F0047CA79 /* profile_rain_image.png */ = {isa = PBXFileReference; lastKnownFileType = image.png; path = profile_rain_image.png; sourceTree = "<group>"; };
		9034AA0F1B71A73F0047CA79 /* profile_search_btn.png */ = {isa = PBXFileReference; lastKnownFileType = image.png; path = profile_search_btn.png; sourceTree = "<group>"; };
		9034AA101B71A73F0047CA79 /* profile_seperator.png */ = {isa = PBXFileReference; lastKnownFileType = image.png; path = profile_seperator.png; sourceTree = "<group>"; };
		9034AA111B71A73F0047CA79 /* profile_sun_image.png */ = {isa = PBXFileReference; lastKnownFileType = image.png; path = profile_sun_image.png; sourceTree = "<group>"; };
		9034AA121B71A73F0047CA79 /* profile_suncloudy_image.png */ = {isa = PBXFileReference; lastKnownFileType = image.png; path = profile_suncloudy_image.png; sourceTree = "<group>"; };
		9034AA131B71A73F0047CA79 /* profile_timeline.png */ = {isa = PBXFileReference; lastKnownFileType = image.png; path = profile_timeline.png; sourceTree = "<group>"; };
		9034AA141B71A73F0047CA79 /* profile_tree_btn.png */ = {isa = PBXFileReference; lastKnownFileType = image.png; path = profile_tree_btn.png; sourceTree = "<group>"; };
		9034AA151B71A73F0047CA79 /* profile_user_image.png */ = {isa = PBXFileReference; lastKnownFileType = image.png; path = profile_user_image.png; sourceTree = "<group>"; };
		9034AA161B71A73F0047CA79 /* profile_wechat_btn.png */ = {isa = PBXFileReference; lastKnownFileType = image.png; path = profile_wechat_btn.png; sourceTree = "<group>"; };
		9034AA171B71A73F0047CA79 /* profile_weibo_btn.png */ = {isa = PBXFileReference; lastKnownFileType = image.png; path = profile_weibo_btn.png; sourceTree = "<group>"; };
		9034AA361B71AAB10047CA79 /* tab_home_btn.png */ = {isa = PBXFileReference; lastKnownFileType = image.png; path = tab_home_btn.png; sourceTree = "<group>"; };
		9034AA371B71AAB10047CA79 /* tab_plus_btn.png */ = {isa = PBXFileReference; lastKnownFileType = image.png; path = tab_plus_btn.png; sourceTree = "<group>"; };
		9034AA381B71AAB10047CA79 /* tab_profile_btn.png */ = {isa = PBXFileReference; lastKnownFileType = image.png; path = tab_profile_btn.png; sourceTree = "<group>"; };
		9034AA391B71AAB10047CA79 /* tab_record_btn.png */ = {isa = PBXFileReference; lastKnownFileType = image.png; path = tab_record_btn.png; sourceTree = "<group>"; };
		9034AA3A1B71AAB10047CA79 /* tab_relative_btn.png */ = {isa = PBXFileReference; lastKnownFileType = image.png; path = tab_relative_btn.png; sourceTree = "<group>"; };
		9034AA401B71D8C00047CA79 /* profile_baby_background.png */ = {isa = PBXFileReference; lastKnownFileType = image.png; path = profile_baby_background.png; sourceTree = "<group>"; };
		9034AA431B721E8B0047CA79 /* GrowthRecordViewController.h */ = {isa = PBXFileReference; fileEncoding = 4; lastKnownFileType = sourcecode.c.h; name = GrowthRecordViewController.h; path = ViewControllers/GrowthRecordViewController/GrowthRecordViewController.h; sourceTree = "<group>"; };
		9034AA441B721E8B0047CA79 /* GrowthRecordViewController.m */ = {isa = PBXFileReference; fileEncoding = 4; lastKnownFileType = sourcecode.c.objc; name = GrowthRecordViewController.m; path = ViewControllers/GrowthRecordViewController/GrowthRecordViewController.m; sourceTree = "<group>"; };
		9034AA461B721ED60047CA79 /* GrowthRecordViewCell.h */ = {isa = PBXFileReference; fileEncoding = 4; lastKnownFileType = sourcecode.c.h; name = GrowthRecordViewCell.h; path = ViewControllers/GrowthRecordViewController/GrowthRecordViewCell.h; sourceTree = "<group>"; };
		9034AA471B721ED60047CA79 /* GrowthRecordViewCell.m */ = {isa = PBXFileReference; fileEncoding = 4; lastKnownFileType = sourcecode.c.objc; name = GrowthRecordViewCell.m; path = ViewControllers/GrowthRecordViewController/GrowthRecordViewCell.m; sourceTree = "<group>"; };
		9034AA4E1B73134C0047CA79 /* create_add_photo_button.png */ = {isa = PBXFileReference; lastKnownFileType = image.png; path = create_add_photo_button.png; sourceTree = "<group>"; };
		9034AA4F1B73134C0047CA79 /* create_big_event_fill_image.png */ = {isa = PBXFileReference; lastKnownFileType = image.png; path = create_big_event_fill_image.png; sourceTree = "<group>"; };
		9034AA501B73134C0047CA79 /* create_big_event_image.png */ = {isa = PBXFileReference; lastKnownFileType = image.png; path = create_big_event_image.png; sourceTree = "<group>"; };
		9034AA511B73134C0047CA79 /* create_cameraroll_button.png */ = {isa = PBXFileReference; lastKnownFileType = image.png; path = create_cameraroll_button.png; sourceTree = "<group>"; };
		9034AA521B73134C0047CA79 /* create_edit_button.png */ = {isa = PBXFileReference; lastKnownFileType = image.png; path = create_edit_button.png; sourceTree = "<group>"; };
		9034AA531B73134C0047CA79 /* create_empty_button.png */ = {isa = PBXFileReference; lastKnownFileType = image.png; path = create_empty_button.png; sourceTree = "<group>"; };
		9034AA541B73134C0047CA79 /* create_fill_button.png */ = {isa = PBXFileReference; lastKnownFileType = image.png; path = create_fill_button.png; sourceTree = "<group>"; };
		9034AA551B73134C0047CA79 /* create_icon_privacy.png */ = {isa = PBXFileReference; lastKnownFileType = image.png; path = create_icon_privacy.png; sourceTree = "<group>"; };
		9034AA561B73134C0047CA79 /* create_issue_button.png */ = {isa = PBXFileReference; lastKnownFileType = image.png; path = create_issue_button.png; sourceTree = "<group>"; };
		9034AA571B73134C0047CA79 /* create_option_image.png */ = {isa = PBXFileReference; lastKnownFileType = image.png; path = create_option_image.png; sourceTree = "<group>"; };
		9034AA581B73134C0047CA79 /* create_photo_button.png */ = {isa = PBXFileReference; lastKnownFileType = image.png; path = create_photo_button.png; sourceTree = "<group>"; };
		9034AA591B73134C0047CA79 /* create_playvideo_button.png */ = {isa = PBXFileReference; lastKnownFileType = image.png; path = create_playvideo_button.png; sourceTree = "<group>"; };
		9034AA5A1B73134C0047CA79 /* create_selecttime_empty_image.png */ = {isa = PBXFileReference; lastKnownFileType = image.png; path = create_selecttime_empty_image.png; sourceTree = "<group>"; };
		9034AA5B1B73134C0047CA79 /* create_selecttime_fill_image.png */ = {isa = PBXFileReference; lastKnownFileType = image.png; path = create_selecttime_fill_image.png; sourceTree = "<group>"; };
		9034AA5C1B73134C0047CA79 /* create_selecttime_gray_image.png */ = {isa = PBXFileReference; lastKnownFileType = image.png; path = create_selecttime_gray_image.png; sourceTree = "<group>"; };
		9034AA5D1B73134C0047CA79 /* create_tag_image.png */ = {isa = PBXFileReference; lastKnownFileType = image.png; path = create_tag_image.png; sourceTree = "<group>"; };
		9034AA5E1B73134C0047CA79 /* create_takephoto_button.png */ = {isa = PBXFileReference; lastKnownFileType = image.png; path = create_takephoto_button.png; sourceTree = "<group>"; };
		9034AA5F1B73134C0047CA79 /* create_takevideo_button.png */ = {isa = PBXFileReference; lastKnownFileType = image.png; path = create_takevideo_button.png; sourceTree = "<group>"; };
		9034AA601B73134C0047CA79 /* create_text_button.png */ = {isa = PBXFileReference; lastKnownFileType = image.png; path = create_text_button.png; sourceTree = "<group>"; };
		9034AA611B73134C0047CA79 /* create_video_button.png */ = {isa = PBXFileReference; lastKnownFileType = image.png; path = create_video_button.png; sourceTree = "<group>"; };
		9034AA761B73BD0B0047CA79 /* create_close_button.png */ = {isa = PBXFileReference; lastKnownFileType = image.png; path = create_close_button.png; sourceTree = "<group>"; };
		9034AA791B73BECA0047CA79 /* PostOptionViewController.h */ = {isa = PBXFileReference; fileEncoding = 4; lastKnownFileType = sourcecode.c.h; name = PostOptionViewController.h; path = ViewControllers/PostOptionViewController/PostOptionViewController.h; sourceTree = "<group>"; };
		9034AA7A1B73BECA0047CA79 /* PostOptionViewController.m */ = {isa = PBXFileReference; fileEncoding = 4; lastKnownFileType = sourcecode.c.objc; name = PostOptionViewController.m; path = ViewControllers/PostOptionViewController/PostOptionViewController.m; sourceTree = "<group>"; };
		9034AA7D1B73C7B00047CA79 /* MainTabbarController.h */ = {isa = PBXFileReference; fileEncoding = 4; lastKnownFileType = sourcecode.c.h; name = MainTabbarController.h; path = ViewControllers/MainTabbarController/MainTabbarController.h; sourceTree = "<group>"; };
		9034AA7E1B73C7B00047CA79 /* MainTabbarController.m */ = {isa = PBXFileReference; fileEncoding = 4; lastKnownFileType = sourcecode.c.objc; name = MainTabbarController.m; path = ViewControllers/MainTabbarController/MainTabbarController.m; sourceTree = "<group>"; };
		9034AA811B73DAAB0047CA79 /* PostTextViewController.h */ = {isa = PBXFileReference; fileEncoding = 4; lastKnownFileType = sourcecode.c.h; name = PostTextViewController.h; path = ViewControllers/PostTextViewController/PostTextViewController.h; sourceTree = "<group>"; };
		9034AA821B73DAAB0047CA79 /* PostTextViewController.m */ = {isa = PBXFileReference; fileEncoding = 4; lastKnownFileType = sourcecode.c.objc; name = PostTextViewController.m; path = ViewControllers/PostTextViewController/PostTextViewController.m; sourceTree = "<group>"; };
		9034AA841B73EB5C0047CA79 /* create_location_image.png */ = {isa = PBXFileReference; lastKnownFileType = image.png; path = create_location_image.png; sourceTree = "<group>"; };
		9034AA861B73ED8A0047CA79 /* create_global_image.png */ = {isa = PBXFileReference; lastKnownFileType = image.png; path = create_global_image.png; sourceTree = "<group>"; };
		9034AA891B7409820047CA79 /* PostSearchLocationViewController.h */ = {isa = PBXFileReference; fileEncoding = 4; lastKnownFileType = sourcecode.c.h; name = PostSearchLocationViewController.h; path = ViewControllers/PostSearchLocationViewController/PostSearchLocationViewController.h; sourceTree = "<group>"; };
		9034AA8A1B7409820047CA79 /* PostSearchLocationViewController.m */ = {isa = PBXFileReference; fileEncoding = 4; lastKnownFileType = sourcecode.c.objc; name = PostSearchLocationViewController.m; path = ViewControllers/PostSearchLocationViewController/PostSearchLocationViewController.m; sourceTree = "<group>"; };
		9034AA8C1B740A2F0047CA79 /* SearchLocationViewCell.h */ = {isa = PBXFileReference; fileEncoding = 4; lastKnownFileType = sourcecode.c.h; name = SearchLocationViewCell.h; path = ViewControllers/PostSearchLocationViewController/SearchLocationViewCell.h; sourceTree = "<group>"; };
		9034AA8D1B740A2F0047CA79 /* SearchLocationViewCell.m */ = {isa = PBXFileReference; fileEncoding = 4; lastKnownFileType = sourcecode.c.objc; name = SearchLocationViewCell.m; path = ViewControllers/PostSearchLocationViewController/SearchLocationViewCell.m; sourceTree = "<group>"; };
		9034AA911B741CF20047CA79 /* create_white_location_image.png */ = {isa = PBXFileReference; lastKnownFileType = image.png; path = create_white_location_image.png; sourceTree = "<group>"; };
		9034AA941B7509E20047CA79 /* UIImage+UzysExtension.h */ = {isa = PBXFileReference; fileEncoding = 4; lastKnownFileType = sourcecode.c.h; path = "UIImage+UzysExtension.h"; sourceTree = "<group>"; };
		9034AA951B7509E20047CA79 /* UIImage+UzysExtension.m */ = {isa = PBXFileReference; fileEncoding = 4; lastKnownFileType = sourcecode.c.objc; path = "UIImage+UzysExtension.m"; sourceTree = "<group>"; };
		9034AA961B7509E20047CA79 /* UzysAppearanceConfig.h */ = {isa = PBXFileReference; fileEncoding = 4; lastKnownFileType = sourcecode.c.h; path = UzysAppearanceConfig.h; sourceTree = "<group>"; };
		9034AA971B7509E20047CA79 /* UzysAppearanceConfig.m */ = {isa = PBXFileReference; fileEncoding = 4; lastKnownFileType = sourcecode.c.objc; path = UzysAppearanceConfig.m; sourceTree = "<group>"; };
		9034AA981B7509E20047CA79 /* UzysAssetPickerController.bundle */ = {isa = PBXFileReference; lastKnownFileType = "wrapper.plug-in"; path = UzysAssetPickerController.bundle; sourceTree = "<group>"; };
		9034AA991B7509E20047CA79 /* UzysAssetsPickerController.h */ = {isa = PBXFileReference; fileEncoding = 4; lastKnownFileType = sourcecode.c.h; path = UzysAssetsPickerController.h; sourceTree = "<group>"; };
		9034AA9A1B7509E20047CA79 /* UzysAssetsPickerController.m */ = {isa = PBXFileReference; fileEncoding = 4; lastKnownFileType = sourcecode.c.objc; path = UzysAssetsPickerController.m; sourceTree = "<group>"; };
		9034AA9B1B7509E20047CA79 /* UzysAssetsPickerController.xib */ = {isa = PBXFileReference; fileEncoding = 4; lastKnownFileType = file.xib; path = UzysAssetsPickerController.xib; sourceTree = "<group>"; };
		9034AA9C1B7509E20047CA79 /* UzysAssetsPickerController_Configuration.h */ = {isa = PBXFileReference; fileEncoding = 4; lastKnownFileType = sourcecode.c.h; path = UzysAssetsPickerController_Configuration.h; sourceTree = "<group>"; };
		9034AA9D1B7509E20047CA79 /* UzysAssetsViewCell.h */ = {isa = PBXFileReference; fileEncoding = 4; lastKnownFileType = sourcecode.c.h; path = UzysAssetsViewCell.h; sourceTree = "<group>"; };
		9034AA9E1B7509E20047CA79 /* UzysAssetsViewCell.m */ = {isa = PBXFileReference; fileEncoding = 4; lastKnownFileType = sourcecode.c.objc; path = UzysAssetsViewCell.m; sourceTree = "<group>"; };
		9034AA9F1B7509E20047CA79 /* UzysGroupPickerView.h */ = {isa = PBXFileReference; fileEncoding = 4; lastKnownFileType = sourcecode.c.h; path = UzysGroupPickerView.h; sourceTree = "<group>"; };
		9034AAA01B7509E20047CA79 /* UzysGroupPickerView.m */ = {isa = PBXFileReference; fileEncoding = 4; lastKnownFileType = sourcecode.c.objc; path = UzysGroupPickerView.m; sourceTree = "<group>"; };
		9034AAA11B7509E20047CA79 /* UzysGroupViewCell.h */ = {isa = PBXFileReference; fileEncoding = 4; lastKnownFileType = sourcecode.c.h; path = UzysGroupViewCell.h; sourceTree = "<group>"; };
		9034AAA21B7509E20047CA79 /* UzysGroupViewCell.m */ = {isa = PBXFileReference; fileEncoding = 4; lastKnownFileType = sourcecode.c.objc; path = UzysGroupViewCell.m; sourceTree = "<group>"; };
		9034AAA31B7509E20047CA79 /* UzysWrapperPickerController.h */ = {isa = PBXFileReference; fileEncoding = 4; lastKnownFileType = sourcecode.c.h; path = UzysWrapperPickerController.h; sourceTree = "<group>"; };
		9034AAA41B7509E20047CA79 /* UzysWrapperPickerController.m */ = {isa = PBXFileReference; fileEncoding = 4; lastKnownFileType = sourcecode.c.objc; path = UzysWrapperPickerController.m; sourceTree = "<group>"; };
		9034AAAE1B750A000047CA79 /* AVFoundation.framework */ = {isa = PBXFileReference; lastKnownFileType = wrapper.framework; name = AVFoundation.framework; path = System/Library/Frameworks/AVFoundation.framework; sourceTree = SDKROOT; };
		9034AAB01B750A080047CA79 /* MobileCoreServices.framework */ = {isa = PBXFileReference; lastKnownFileType = wrapper.framework; name = MobileCoreServices.framework; path = System/Library/Frameworks/MobileCoreServices.framework; sourceTree = SDKROOT; };
		9034AAB21B750A100047CA79 /* AssetsLibrary.framework */ = {isa = PBXFileReference; lastKnownFileType = wrapper.framework; name = AssetsLibrary.framework; path = System/Library/Frameworks/AssetsLibrary.framework; sourceTree = SDKROOT; };
		9034ACBE1B7559CA0047CA79 /* PhostPhotoViewController.h */ = {isa = PBXFileReference; fileEncoding = 4; lastKnownFileType = sourcecode.c.h; name = PhostPhotoViewController.h; path = ViewControllers/PostPhotoViewController/PhostPhotoViewController.h; sourceTree = "<group>"; };
		9034ACBF1B7559CA0047CA79 /* PhostPhotoViewController.m */ = {isa = PBXFileReference; fileEncoding = 4; lastKnownFileType = sourcecode.c.objc; name = PhostPhotoViewController.m; path = ViewControllers/PostPhotoViewController/PhostPhotoViewController.m; sourceTree = "<group>"; };
		9034AE6A1B7572F90047CA79 /* PostPhotoDaytimeViewController.h */ = {isa = PBXFileReference; fileEncoding = 4; lastKnownFileType = sourcecode.c.h; name = PostPhotoDaytimeViewController.h; path = ViewControllers/PostPhotoDaytimeViewController/PostPhotoDaytimeViewController.h; sourceTree = "<group>"; };
		9034AE6B1B7572F90047CA79 /* PostPhotoDaytimeViewController.m */ = {isa = PBXFileReference; fileEncoding = 4; lastKnownFileType = sourcecode.c.objc; name = PostPhotoDaytimeViewController.m; path = ViewControllers/PostPhotoDaytimeViewController/PostPhotoDaytimeViewController.m; sourceTree = "<group>"; };
		9034AE6E1B7573280047CA79 /* PostPhotoDaytimeSelectViewController.h */ = {isa = PBXFileReference; fileEncoding = 4; lastKnownFileType = sourcecode.c.h; name = PostPhotoDaytimeSelectViewController.h; path = ViewControllers/PostPhotoDaytimeSelectViewController/PostPhotoDaytimeSelectViewController.h; sourceTree = "<group>"; };
		9034AE6F1B7573280047CA79 /* PostPhotoDaytimeSelectViewController.m */ = {isa = PBXFileReference; fileEncoding = 4; lastKnownFileType = sourcecode.c.objc; name = PostPhotoDaytimeSelectViewController.m; path = ViewControllers/PostPhotoDaytimeSelectViewController/PostPhotoDaytimeSelectViewController.m; sourceTree = "<group>"; };
		9034AE8E1B7576200047CA79 /* Shiwa-Prefix.pch */ = {isa = PBXFileReference; fileEncoding = 4; lastKnownFileType = sourcecode.c.h; path = "Shiwa-Prefix.pch"; sourceTree = "<group>"; };
		9034AE901B75778D0047CA79 /* NSObject+YMOptionsAndDefaults.h */ = {isa = PBXFileReference; fileEncoding = 4; lastKnownFileType = sourcecode.c.h; path = "NSObject+YMOptionsAndDefaults.h"; sourceTree = "<group>"; };
		9034AE911B75778D0047CA79 /* NSObject+YMOptionsAndDefaults.m */ = {isa = PBXFileReference; fileEncoding = 4; lastKnownFileType = sourcecode.c.objc; path = "NSObject+YMOptionsAndDefaults.m"; sourceTree = "<group>"; };
		9034AE921B75778D0047CA79 /* README.md */ = {isa = PBXFileReference; fileEncoding = 4; lastKnownFileType = net.daringfireball.markdown; path = README.md; sourceTree = "<group>"; };
		9034AE931B75778D0047CA79 /* UIViewController+KNSemiModal.h */ = {isa = PBXFileReference; fileEncoding = 4; lastKnownFileType = sourcecode.c.h; path = "UIViewController+KNSemiModal.h"; sourceTree = "<group>"; };
		9034AE941B75778D0047CA79 /* UIViewController+KNSemiModal.m */ = {isa = PBXFileReference; fileEncoding = 4; lastKnownFileType = sourcecode.c.objc; path = "UIViewController+KNSemiModal.m"; sourceTree = "<group>"; };
		90F906D71B75799F003E6BC7 /* Images.xcassets */ = {isa = PBXFileReference; lastKnownFileType = folder.assetcatalog; path = Images.xcassets; sourceTree = "<group>"; };
		90F906D81B75799F003E6BC7 /* THDateDay.h */ = {isa = PBXFileReference; fileEncoding = 4; lastKnownFileType = sourcecode.c.h; path = THDateDay.h; sourceTree = "<group>"; };
		90F906D91B75799F003E6BC7 /* THDateDay.m */ = {isa = PBXFileReference; fileEncoding = 4; lastKnownFileType = sourcecode.c.objc; path = THDateDay.m; sourceTree = "<group>"; };
		90F906DA1B75799F003E6BC7 /* THDateDay.xib */ = {isa = PBXFileReference; fileEncoding = 4; lastKnownFileType = file.xib; path = THDateDay.xib; sourceTree = "<group>"; };
		90F906DB1B75799F003E6BC7 /* THDatePickerViewController.h */ = {isa = PBXFileReference; fileEncoding = 4; lastKnownFileType = sourcecode.c.h; path = THDatePickerViewController.h; sourceTree = "<group>"; };
		90F906DC1B75799F003E6BC7 /* THDatePickerViewController.m */ = {isa = PBXFileReference; fileEncoding = 4; lastKnownFileType = sourcecode.c.objc; path = THDatePickerViewController.m; sourceTree = "<group>"; };
		90F906DD1B75799F003E6BC7 /* THDatePickerViewController.xib */ = {isa = PBXFileReference; fileEncoding = 4; lastKnownFileType = file.xib; path = THDatePickerViewController.xib; sourceTree = "<group>"; };
		90F906E31B76D0F2003E6BC7 /* blue_button.png */ = {isa = PBXFileReference; lastKnownFileType = image.png; path = blue_button.png; sourceTree = "<group>"; };
/* End PBXFileReference section */

/* Begin PBXFrameworksBuildPhase section */
		90001C271B66B8BE00E4F6D7 /* Frameworks */ = {
			isa = PBXFrameworksBuildPhase;
			buildActionMask = 2147483647;
			files = (
				9034AAB41B750A480047CA79 /* AssetsLibrary.framework in Frameworks */,
				9034AAB51B750A480047CA79 /* MobileCoreServices.framework in Frameworks */,
				9034AAB61B750A480047CA79 /* AVFoundation.framework in Frameworks */,
				901807D31B6FCDA200AFF0A2 /* Foundation.framework in Frameworks */,
				901807DA1B6FCDD900AFF0A2 /* UIKit.framework in Frameworks */,
				901807DB1B6FCDD900AFF0A2 /* QuartzCore.framework in Frameworks */,
				901807DC1B6FCDD900AFF0A2 /* CoreGraphics.framework in Frameworks */,
			);
			runOnlyForDeploymentPostprocessing = 0;
		};
/* End PBXFrameworksBuildPhase section */

/* Begin PBXGroup section */
		90001C211B66B8BE00E4F6D7 = {
			isa = PBXGroup;
			children = (
				90001C2C1B66B8BE00E4F6D7 /* Shiwa */,
				90001C461B66B8BF00E4F6D7 /* ShiwaTests */,
				90001C2B1B66B8BE00E4F6D7 /* Products */,
			);
			sourceTree = "<group>";
		};
		90001C2B1B66B8BE00E4F6D7 /* Products */ = {
			isa = PBXGroup;
			children = (
				90001C2A1B66B8BE00E4F6D7 /* Shiwa.app */,
			);
			name = Products;
			sourceTree = "<group>";
		};
		90001C2C1B66B8BE00E4F6D7 /* Shiwa */ = {
			isa = PBXGroup;
			children = (
				90001C371B66B8BF00E4F6D7 /* Main.storyboard */,
				901807D01B6F7E6200AFF0A2 /* Frameworks */,
				901807CB1B6F7D0300AFF0A2 /* Libraries */,
				90001C741B67696500E4F6D7 /* ViewControllers */,
				90001C531B66BADD00E4F6D7 /* Images */,
				90001C2D1B66B8BE00E4F6D7 /* Supporting Files */,
			);
			path = Shiwa;
			sourceTree = "<group>";
		};
		90001C2D1B66B8BE00E4F6D7 /* Supporting Files */ = {
			isa = PBXGroup;
			children = (
				9034AE8E1B7576200047CA79 /* Shiwa-Prefix.pch */,
				90001C3A1B66B8BF00E4F6D7 /* Images.xcassets */,
				90001C311B66B8BE00E4F6D7 /* AppDelegate.h */,
				90001C321B66B8BE00E4F6D7 /* AppDelegate.m */,
				90001C3C1B66B8BF00E4F6D7 /* LaunchScreen.xib */,
				90001C2E1B66B8BE00E4F6D7 /* Info.plist */,
				90001C2F1B66B8BE00E4F6D7 /* main.m */,
			);
			name = "Supporting Files";
			sourceTree = "<group>";
		};
		90001C461B66B8BF00E4F6D7 /* ShiwaTests */ = {
			isa = PBXGroup;
			children = (
				90001C491B66B8BF00E4F6D7 /* ShiwaTests.m */,
				90001C471B66B8BF00E4F6D7 /* Supporting Files */,
			);
			path = ShiwaTests;
			sourceTree = "<group>";
		};
		90001C471B66B8BF00E4F6D7 /* Supporting Files */ = {
			isa = PBXGroup;
			children = (
				90001C481B66B8BF00E4F6D7 /* Info.plist */,
			);
			name = "Supporting Files";
			sourceTree = "<group>";
		};
		90001C531B66BADD00E4F6D7 /* Images */ = {
			isa = PBXGroup;
			children = (
				9034AA4D1B73134C0047CA79 /* CreatePost */,
				9034AA4C1B73104C0047CA79 /* others */,
				9034AA4B1B73103C0047CA79 /* tabBar */,
				9034AA4A1B73102D0047CA79 /* loginView */,
				9034AA491B73100D0047CA79 /* profileView */,
			);
			path = Images;
			sourceTree = "<group>";
		};
		90001C741B67696500E4F6D7 /* ViewControllers */ = {
			isa = PBXGroup;
			children = (
				9034AE6D1B7573040047CA79 /* PostPhotoDaytimeSelectViewController */,
				9034AE691B7572D60047CA79 /* PostPhotoDaytimeViewController */,
				9034ACBD1B7559830047CA79 /* PostPhotoViewController */,
				9034AA881B74095F0047CA79 /* PostSearchLocationViewController */,
				9034AA801B73DA850047CA79 /* PostTextViewController */,
				9034AA7C1B73C78F0047CA79 /* MainTabbarController */,
				9034AA781B73BE9F0047CA79 /* PostOptionViewController */,
				9034AA421B721E6A0047CA79 /* GrowthRecordViewController */,
				9018075B1B6964C500AFF0A2 /* BabySignupViewController */,
				90001C921B69017800E4F6D7 /* SignupVerifyViewController */,
				90001C8A1B68F2B100E4F6D7 /* SignupViewController */,
				90001C861B67824900E4F6D7 /* ForgotVerifyViewController */,
				90001C801B67801300E4F6D7 /* ForgotViewController */,
				90001C7C1B67764400E4F6D7 /* LoginViewController */,
				90001C751B67697000E4F6D7 /* MainViewController */,
			);
			name = ViewControllers;
			sourceTree = "<group>";
		};
		90001C751B67697000E4F6D7 /* MainViewController */ = {
			isa = PBXGroup;
			children = (
				90001C341B66B8BE00E4F6D7 /* ViewController.h */,
				90001C351B66B8BE00E4F6D7 /* ViewController.m */,
			);
			name = MainViewController;
			sourceTree = "<group>";
		};
		90001C7C1B67764400E4F6D7 /* LoginViewController */ = {
			isa = PBXGroup;
			children = (
				90001C7D1B67766A00E4F6D7 /* LoginViewController.h */,
				90001C7E1B67766A00E4F6D7 /* LoginViewController.m */,
			);
			name = LoginViewController;
			sourceTree = "<group>";
		};
		90001C801B67801300E4F6D7 /* ForgotViewController */ = {
			isa = PBXGroup;
			children = (
				90001C811B67802C00E4F6D7 /* ForgotViewController.h */,
				90001C821B67802C00E4F6D7 /* ForgotViewController.m */,
			);
			name = ForgotViewController;
			sourceTree = "<group>";
		};
		90001C861B67824900E4F6D7 /* ForgotVerifyViewController */ = {
			isa = PBXGroup;
			children = (
				90001C871B67826600E4F6D7 /* ForgotVerifyViewController.h */,
				90001C881B67826600E4F6D7 /* ForgotVerifyViewController.m */,
			);
			name = ForgotVerifyViewController;
			sourceTree = "<group>";
		};
		90001C8A1B68F2B100E4F6D7 /* SignupViewController */ = {
			isa = PBXGroup;
			children = (
				90001C8B1B68F2C700E4F6D7 /* SignupViewController.h */,
				90001C8C1B68F2C700E4F6D7 /* SignupViewController.m */,
			);
			name = SignupViewController;
			sourceTree = "<group>";
		};
		90001C921B69017800E4F6D7 /* SignupVerifyViewController */ = {
			isa = PBXGroup;
			children = (
				90001C931B69019200E4F6D7 /* SignupVerifyViewController.h */,
				90001C941B69019200E4F6D7 /* SignupVerifyViewController.m */,
			);
			name = SignupVerifyViewController;
			sourceTree = "<group>";
		};
		9018075B1B6964C500AFF0A2 /* BabySignupViewController */ = {
			isa = PBXGroup;
			children = (
				9018075C1B6964EB00AFF0A2 /* BabySignupViewController.h */,
				9018075D1B6964EB00AFF0A2 /* BabySignupViewController.m */,
			);
			name = BabySignupViewController;
			sourceTree = "<group>";
		};
		901807CB1B6F7D0300AFF0A2 /* Libraries */ = {
			isa = PBXGroup;
			children = (
				90F906D61B75799F003E6BC7 /* THCalendarDatePicker */,
				9034AE8F1B75778D0047CA79 /* KNSemiModalViewController */,
				9034AA931B7509E20047CA79 /* CameraRoll */,
				901807CC1B6F7D1300AFF0A2 /* Combobox */,
			);
			name = Libraries;
			sourceTree = "<group>";
		};
		901807CC1B6F7D1300AFF0A2 /* Combobox */ = {
			isa = PBXGroup;
			children = (
				901807CD1B6F7D1300AFF0A2 /* ComboBoxView.h */,
				901807CE1B6F7D1300AFF0A2 /* ComboBoxView.m */,
			);
			name = Combobox;
			path = Libraries/Combobox;
			sourceTree = "<group>";
		};
		901807D01B6F7E6200AFF0A2 /* Frameworks */ = {
			isa = PBXGroup;
			children = (
				9034AAB21B750A100047CA79 /* AssetsLibrary.framework */,
				9034AAB01B750A080047CA79 /* MobileCoreServices.framework */,
				9034AAAE1B750A000047CA79 /* AVFoundation.framework */,
				901807D81B6FCDC200AFF0A2 /* UIKit.framework */,
				901807D61B6FCDBB00AFF0A2 /* QuartzCore.framework */,
				901807D41B6FCDB100AFF0A2 /* CoreGraphics.framework */,
				901807D11B6F7E7F00AFF0A2 /* Foundation.framework */,
			);
			name = Frameworks;
			sourceTree = "<group>";
		};
		9034AA421B721E6A0047CA79 /* GrowthRecordViewController */ = {
			isa = PBXGroup;
			children = (
				9034AA431B721E8B0047CA79 /* GrowthRecordViewController.h */,
				9034AA441B721E8B0047CA79 /* GrowthRecordViewController.m */,
				9034AA461B721ED60047CA79 /* GrowthRecordViewCell.h */,
				9034AA471B721ED60047CA79 /* GrowthRecordViewCell.m */,
			);
			name = GrowthRecordViewController;
			sourceTree = "<group>";
		};
		9034AA491B73100D0047CA79 /* profileView */ = {
			isa = PBXGroup;
			children = (
				901807C71B6F75DA00AFF0A2 /* profile_image_back.png */,
				901807C81B6F75DA00AFF0A2 /* profile_image_default.png */,
				9034A9FA1B71A73F0047CA79 /* profile_age_image.png */,
				9034AA401B71D8C00047CA79 /* profile_baby_background.png */,
				9034A9FB1B71A73F0047CA79 /* profile_baby_image.png */,
				9034A9FC1B71A73F0047CA79 /* profile_baby_mark.png */,
				9034A9FD1B71A73F0047CA79 /* profile_background.png */,
				9034A9FE1B71A73F0047CA79 /* profile_checkbtn_empty.png */,
				9034A9FF1B71A73F0047CA79 /* profile_checkbtn_fill.png */,
				9034AA001B71A73F0047CA79 /* profile_cloudy_image.png */,
				9034AA011B71A73F0047CA79 /* profile_comment_image.png */,
				9034AA021B71A73F0047CA79 /* profile_email_btn.png */,
				9034AA031B71A73F0047CA79 /* profile_event_back.png */,
				9034AA041B71A73F0047CA79 /* profile_forward_image.png */,
				9034AA051B71A73F0047CA79 /* profile_image_back.png */,
				9034AA061B71A73F0047CA79 /* profile_image_default.png */,
				9034AA071B71A73F0047CA79 /* profile_like_image.png */,
				9034AA081B71A73F0047CA79 /* profile_location_image.png */,
				9034AA091B71A73F0047CA79 /* profile_lock_image.png */,
				9034AA0A1B71A73F0047CA79 /* profile_menu_global.png */,
				9034AA0B1B71A73F0047CA79 /* profile_menu_lock.png */,
				9034AA0C1B71A73F0047CA79 /* profile_menu_people.png */,
				9034AA0D1B71A73F0047CA79 /* profile_person_image.png */,
				9034AA0E1B71A73F0047CA79 /* profile_rain_image.png */,
				9034AA0F1B71A73F0047CA79 /* profile_search_btn.png */,
				9034AA101B71A73F0047CA79 /* profile_seperator.png */,
				9034AA111B71A73F0047CA79 /* profile_sun_image.png */,
				9034AA121B71A73F0047CA79 /* profile_suncloudy_image.png */,
				9034AA131B71A73F0047CA79 /* profile_timeline.png */,
				9034AA141B71A73F0047CA79 /* profile_tree_btn.png */,
				9034AA151B71A73F0047CA79 /* profile_user_image.png */,
				9034AA161B71A73F0047CA79 /* profile_wechat_btn.png */,
				9034AA171B71A73F0047CA79 /* profile_weibo_btn.png */,
			);
			name = profileView;
			sourceTree = "<group>";
		};
		9034AA4A1B73102D0047CA79 /* loginView */ = {
			isa = PBXGroup;
			children = (
				90001C591B66BADD00E4F6D7 /* login_divide_bar.png */,
				90001C5A1B66BADD00E4F6D7 /* login_login_btn.png */,
				90001C5B1B66BADD00E4F6D7 /* login_nav_bar.png */,
				90001C7A1B6774E200E4F6D7 /* login_phone_countrynum.png */,
				90001C5C1B66BADD00E4F6D7 /* login_wechat_btn.png */,
				90001C5D1B66BADD00E4F6D7 /* login_weibo_btn.png */,
			);
			name = loginView;
			sourceTree = "<group>";
		};
		9034AA4B1B73103C0047CA79 /* tabBar */ = {
			isa = PBXGroup;
			children = (
				9034AA361B71AAB10047CA79 /* tab_home_btn.png */,
				9034AA371B71AAB10047CA79 /* tab_plus_btn.png */,
				9034AA381B71AAB10047CA79 /* tab_profile_btn.png */,
				9034AA391B71AAB10047CA79 /* tab_record_btn.png */,
				9034AA3A1B71AAB10047CA79 /* tab_relative_btn.png */,
			);
			name = tabBar;
			sourceTree = "<group>";
		};
		9034AA4C1B73104C0047CA79 /* others */ = {
			isa = PBXGroup;
			children = (
				90F906E31B76D0F2003E6BC7 /* blue_button.png */,
				90001C841B6780A100E4F6D7 /* back_btn.png */,
				90001C541B66BADD00E4F6D7 /* baby_complete_btn.png */,
				90001C551B66BADD00E4F6D7 /* baby_nav_bar.png */,
				90001C561B66BADD00E4F6D7 /* baby_notification.png */,
				901807DD1B6FCFFD00AFF0A2 /* comboDropIndicator.png */,
				90001C571B66BADD00E4F6D7 /* forgot_btn.png */,
				90001C581B66BADD00E4F6D7 /* forgot_nav_bar.png */,
				90001C761B676A8800E4F6D7 /* Main_logo.png */,
				90001C771B676A8800E4F6D7 /* Main_title.png */,
				90001C5E1B66BADD00E4F6D7 /* Main_signin_btn.png */,
				90001C5F1B66BADD00E4F6D7 /* Main_signup_btn.png */,
				90001C601B66BADD00E4F6D7 /* signup_nav_bar.png */,
				90001C611B66BADD00E4F6D7 /* signup_signup_btn.png */,
				90001C901B68F5F800E4F6D7 /* signup_verify_btn.png */,
				90001C621B66BADD00E4F6D7 /* verify_btn.png */,
				90001C631B66BADD00E4F6D7 /* verify_nav_bar.png */,
			);
			name = others;
			sourceTree = "<group>";
		};
		9034AA4D1B73134C0047CA79 /* CreatePost */ = {
			isa = PBXGroup;
			children = (
				9034AA911B741CF20047CA79 /* create_white_location_image.png */,
				9034AA861B73ED8A0047CA79 /* create_global_image.png */,
				9034AA841B73EB5C0047CA79 /* create_location_image.png */,
				9034AA761B73BD0B0047CA79 /* create_close_button.png */,
				9034AA4E1B73134C0047CA79 /* create_add_photo_button.png */,
				9034AA4F1B73134C0047CA79 /* create_big_event_fill_image.png */,
				9034AA501B73134C0047CA79 /* create_big_event_image.png */,
				9034AA511B73134C0047CA79 /* create_cameraroll_button.png */,
				9034AA521B73134C0047CA79 /* create_edit_button.png */,
				9034AA531B73134C0047CA79 /* create_empty_button.png */,
				9034AA541B73134C0047CA79 /* create_fill_button.png */,
				9034AA551B73134C0047CA79 /* create_icon_privacy.png */,
				9034AA561B73134C0047CA79 /* create_issue_button.png */,
				9034AA571B73134C0047CA79 /* create_option_image.png */,
				9034AA581B73134C0047CA79 /* create_photo_button.png */,
				9034AA591B73134C0047CA79 /* create_playvideo_button.png */,
				9034AA5A1B73134C0047CA79 /* create_selecttime_empty_image.png */,
				9034AA5B1B73134C0047CA79 /* create_selecttime_fill_image.png */,
				9034AA5C1B73134C0047CA79 /* create_selecttime_gray_image.png */,
				9034AA5D1B73134C0047CA79 /* create_tag_image.png */,
				9034AA5E1B73134C0047CA79 /* create_takephoto_button.png */,
				9034AA5F1B73134C0047CA79 /* create_takevideo_button.png */,
				9034AA601B73134C0047CA79 /* create_text_button.png */,
				9034AA611B73134C0047CA79 /* create_video_button.png */,
			);
			path = CreatePost;
			sourceTree = "<group>";
		};
		9034AA781B73BE9F0047CA79 /* PostOptionViewController */ = {
			isa = PBXGroup;
			children = (
				9034AA791B73BECA0047CA79 /* PostOptionViewController.h */,
				9034AA7A1B73BECA0047CA79 /* PostOptionViewController.m */,
			);
			name = PostOptionViewController;
			sourceTree = "<group>";
		};
		9034AA7C1B73C78F0047CA79 /* MainTabbarController */ = {
			isa = PBXGroup;
			children = (
				9034AA7D1B73C7B00047CA79 /* MainTabbarController.h */,
				9034AA7E1B73C7B00047CA79 /* MainTabbarController.m */,
			);
			name = MainTabbarController;
			sourceTree = "<group>";
		};
		9034AA801B73DA850047CA79 /* PostTextViewController */ = {
			isa = PBXGroup;
			children = (
				9034AA811B73DAAB0047CA79 /* PostTextViewController.h */,
				9034AA821B73DAAB0047CA79 /* PostTextViewController.m */,
			);
			name = PostTextViewController;
			sourceTree = "<group>";
		};
		9034AA881B74095F0047CA79 /* PostSearchLocationViewController */ = {
			isa = PBXGroup;
			children = (
				9034AA891B7409820047CA79 /* PostSearchLocationViewController.h */,
				9034AA8A1B7409820047CA79 /* PostSearchLocationViewController.m */,
				9034AA8C1B740A2F0047CA79 /* SearchLocationViewCell.h */,
				9034AA8D1B740A2F0047CA79 /* SearchLocationViewCell.m */,
			);
			name = PostSearchLocationViewController;
			sourceTree = "<group>";
		};
		9034AA931B7509E20047CA79 /* CameraRoll */ = {
			isa = PBXGroup;
			children = (
				9034AA941B7509E20047CA79 /* UIImage+UzysExtension.h */,
				9034AA951B7509E20047CA79 /* UIImage+UzysExtension.m */,
				9034AA961B7509E20047CA79 /* UzysAppearanceConfig.h */,
				9034AA971B7509E20047CA79 /* UzysAppearanceConfig.m */,
				9034AA981B7509E20047CA79 /* UzysAssetPickerController.bundle */,
				9034AA991B7509E20047CA79 /* UzysAssetsPickerController.h */,
				9034AA9A1B7509E20047CA79 /* UzysAssetsPickerController.m */,
				9034AA9B1B7509E20047CA79 /* UzysAssetsPickerController.xib */,
				9034AA9C1B7509E20047CA79 /* UzysAssetsPickerController_Configuration.h */,
				9034AA9D1B7509E20047CA79 /* UzysAssetsViewCell.h */,
				9034AA9E1B7509E20047CA79 /* UzysAssetsViewCell.m */,
				9034AA9F1B7509E20047CA79 /* UzysGroupPickerView.h */,
				9034AAA01B7509E20047CA79 /* UzysGroupPickerView.m */,
				9034AAA11B7509E20047CA79 /* UzysGroupViewCell.h */,
				9034AAA21B7509E20047CA79 /* UzysGroupViewCell.m */,
				9034AAA31B7509E20047CA79 /* UzysWrapperPickerController.h */,
				9034AAA41B7509E20047CA79 /* UzysWrapperPickerController.m */,
			);
			name = CameraRoll;
			path = Libraries/CameraRoll;
			sourceTree = "<group>";
		};
		9034ACBD1B7559830047CA79 /* PostPhotoViewController */ = {
			isa = PBXGroup;
			children = (
				9034ACBE1B7559CA0047CA79 /* PhostPhotoViewController.h */,
				9034ACBF1B7559CA0047CA79 /* PhostPhotoViewController.m */,
			);
			name = PostPhotoViewController;
			sourceTree = "<group>";
		};
		9034AE691B7572D60047CA79 /* PostPhotoDaytimeViewController */ = {
			isa = PBXGroup;
			children = (
				9034AE6A1B7572F90047CA79 /* PostPhotoDaytimeViewController.h */,
				9034AE6B1B7572F90047CA79 /* PostPhotoDaytimeViewController.m */,
			);
			name = PostPhotoDaytimeViewController;
			sourceTree = "<group>";
		};
		9034AE6D1B7573040047CA79 /* PostPhotoDaytimeSelectViewController */ = {
			isa = PBXGroup;
			children = (
				9034AE6E1B7573280047CA79 /* PostPhotoDaytimeSelectViewController.h */,
				9034AE6F1B7573280047CA79 /* PostPhotoDaytimeSelectViewController.m */,
			);
			name = PostPhotoDaytimeSelectViewController;
			sourceTree = "<group>";
		};
		9034AE8F1B75778D0047CA79 /* KNSemiModalViewController */ = {
			isa = PBXGroup;
			children = (
				9034AE901B75778D0047CA79 /* NSObject+YMOptionsAndDefaults.h */,
				9034AE911B75778D0047CA79 /* NSObject+YMOptionsAndDefaults.m */,
				9034AE921B75778D0047CA79 /* README.md */,
				9034AE931B75778D0047CA79 /* UIViewController+KNSemiModal.h */,
				9034AE941B75778D0047CA79 /* UIViewController+KNSemiModal.m */,
			);
			name = KNSemiModalViewController;
			path = Libraries/KNSemiModalViewController;
			sourceTree = "<group>";
		};
		90F906D61B75799F003E6BC7 /* THCalendarDatePicker */ = {
			isa = PBXGroup;
			children = (
				90F906D71B75799F003E6BC7 /* Images.xcassets */,
				90F906D81B75799F003E6BC7 /* THDateDay.h */,
				90F906D91B75799F003E6BC7 /* THDateDay.m */,
				90F906DA1B75799F003E6BC7 /* THDateDay.xib */,
				90F906DB1B75799F003E6BC7 /* THDatePickerViewController.h */,
				90F906DC1B75799F003E6BC7 /* THDatePickerViewController.m */,
				90F906DD1B75799F003E6BC7 /* THDatePickerViewController.xib */,
			);
			name = THCalendarDatePicker;
			path = Libraries/THCalendarDatePicker;
			sourceTree = "<group>";
		};
/* End PBXGroup section */

/* Begin PBXNativeTarget section */
		90001C291B66B8BE00E4F6D7 /* Shiwa */ = {
			isa = PBXNativeTarget;
			buildConfigurationList = 90001C4D1B66B8BF00E4F6D7 /* Build configuration list for PBXNativeTarget "Shiwa" */;
			buildPhases = (
				90001C261B66B8BE00E4F6D7 /* Sources */,
				90001C271B66B8BE00E4F6D7 /* Frameworks */,
				90001C281B66B8BE00E4F6D7 /* Resources */,
			);
			buildRules = (
			);
			dependencies = (
			);
			name = Shiwa;
			productName = Shiwa;
			productReference = 90001C2A1B66B8BE00E4F6D7 /* Shiwa.app */;
			productType = "com.apple.product-type.application";
		};
/* End PBXNativeTarget section */

/* Begin PBXProject section */
		90001C221B66B8BE00E4F6D7 /* Project object */ = {
			isa = PBXProject;
			attributes = {
				LastUpgradeCheck = 0640;
				ORGANIZATIONNAME = Xian;
				TargetAttributes = {
					90001C291B66B8BE00E4F6D7 = {
						CreatedOnToolsVersion = 6.4;
						DevelopmentTeam = F2SSNS8FW6;
					};
				};
			};
			buildConfigurationList = 90001C251B66B8BE00E4F6D7 /* Build configuration list for PBXProject "Shiwa" */;
			compatibilityVersion = "Xcode 3.2";
			developmentRegion = English;
			hasScannedForEncodings = 0;
			knownRegions = (
				en,
				Base,
			);
			mainGroup = 90001C211B66B8BE00E4F6D7;
			productRefGroup = 90001C2B1B66B8BE00E4F6D7 /* Products */;
			projectDirPath = "";
			projectRoot = "";
			targets = (
				90001C291B66B8BE00E4F6D7 /* Shiwa */,
			);
		};
/* End PBXProject section */

/* Begin PBXResourcesBuildPhase section */
		90001C281B66B8BE00E4F6D7 /* Resources */ = {
			isa = PBXResourcesBuildPhase;
			buildActionMask = 2147483647;
			files = (
				9034AA251B71A73F0047CA79 /* profile_like_image.png in Resources */,
				9034AA731B73134C0047CA79 /* create_takevideo_button.png in Resources */,
				9034AA751B73134C0047CA79 /* create_video_button.png in Resources */,
				9034AA711B73134C0047CA79 /* create_tag_image.png in Resources */,
				90001C851B6780A100E4F6D7 /* back_btn.png in Resources */,
				9034AA311B71A73F0047CA79 /* profile_timeline.png in Resources */,
				9034AA871B73ED8A0047CA79 /* create_global_image.png in Resources */,
				9034AA631B73134C0047CA79 /* create_big_event_fill_image.png in Resources */,
				9034AA221B71A73F0047CA79 /* profile_forward_image.png in Resources */,
				90001C6F1B66BADD00E4F6D7 /* Main_signup_btn.png in Resources */,
				9034AA671B73134C0047CA79 /* create_empty_button.png in Resources */,
				9034AA2D1B71A73F0047CA79 /* profile_search_btn.png in Resources */,
				9034AA241B71A73F0047CA79 /* profile_image_default.png in Resources */,
				9034AA851B73EB5C0047CA79 /* create_location_image.png in Resources */,
				9034AA191B71A73F0047CA79 /* profile_baby_image.png in Resources */,
				9034AA341B71A73F0047CA79 /* profile_wechat_btn.png in Resources */,
				90001C391B66B8BF00E4F6D7 /* Main.storyboard in Resources */,
				9034AA291B71A73F0047CA79 /* profile_menu_lock.png in Resources */,
				9034AA6F1B73134C0047CA79 /* create_selecttime_fill_image.png in Resources */,
				9034AA181B71A73F0047CA79 /* profile_age_image.png in Resources */,
				9034AA691B73134C0047CA79 /* create_icon_privacy.png in Resources */,
				9034AA411B71D8C00047CA79 /* profile_baby_background.png in Resources */,
				9034AA261B71A73F0047CA79 /* profile_location_image.png in Resources */,
				9034AA621B73134C0047CA79 /* create_add_photo_button.png in Resources */,
				90001C7B1B6774E200E4F6D7 /* login_phone_countrynum.png in Resources */,
				9034AA1A1B71A73F0047CA79 /* profile_baby_mark.png in Resources */,
				9034AA321B71A73F0047CA79 /* profile_tree_btn.png in Resources */,
				9034AA681B73134C0047CA79 /* create_fill_button.png in Resources */,
				9034AA6C1B73134C0047CA79 /* create_photo_button.png in Resources */,
				9034AA921B741CF20047CA79 /* create_white_location_image.png in Resources */,
				90F906E21B75799F003E6BC7 /* THDatePickerViewController.xib in Resources */,
				9034AA701B73134C0047CA79 /* create_selecttime_gray_image.png in Resources */,
				90001C6E1B66BADD00E4F6D7 /* Main_signin_btn.png in Resources */,
				9034AA6D1B73134C0047CA79 /* create_playvideo_button.png in Resources */,
				901807CA1B6F75DA00AFF0A2 /* profile_image_default.png in Resources */,
				9034AA1B1B71A73F0047CA79 /* profile_background.png in Resources */,
				9034AA6A1B73134C0047CA79 /* create_issue_button.png in Resources */,
				90001C911B68F5F800E4F6D7 /* signup_verify_btn.png in Resources */,
				9034AA3E1B71AAB10047CA79 /* tab_record_btn.png in Resources */,
				9034AA1E1B71A73F0047CA79 /* profile_cloudy_image.png in Resources */,
				9034AA1F1B71A73F0047CA79 /* profile_comment_image.png in Resources */,
				9034AA3C1B71AAB10047CA79 /* tab_plus_btn.png in Resources */,
				90001C701B66BADD00E4F6D7 /* signup_nav_bar.png in Resources */,
				90001C791B676A8800E4F6D7 /* Main_title.png in Resources */,
				9034AA661B73134C0047CA79 /* create_edit_button.png in Resources */,
				9034AA3F1B71AAB10047CA79 /* tab_relative_btn.png in Resources */,
				9034AA211B71A73F0047CA79 /* profile_event_back.png in Resources */,
				9034AA641B73134C0047CA79 /* create_big_event_image.png in Resources */,
				9034AA2C1B71A73F0047CA79 /* profile_rain_image.png in Resources */,
				9034AA1C1B71A73F0047CA79 /* profile_checkbtn_empty.png in Resources */,
				90001C711B66BADD00E4F6D7 /* signup_signup_btn.png in Resources */,
				90001C641B66BADD00E4F6D7 /* baby_complete_btn.png in Resources */,
				90001C661B66BADD00E4F6D7 /* baby_notification.png in Resources */,
				90001C721B66BADD00E4F6D7 /* verify_btn.png in Resources */,
				90F906E01B75799F003E6BC7 /* THDateDay.xib in Resources */,
				9034AA271B71A73F0047CA79 /* profile_lock_image.png in Resources */,
				9034AA231B71A73F0047CA79 /* profile_image_back.png in Resources */,
				9034AA351B71A73F0047CA79 /* profile_weibo_btn.png in Resources */,
				9034AA281B71A73F0047CA79 /* profile_menu_global.png in Resources */,
				9034AA6B1B73134C0047CA79 /* create_option_image.png in Resources */,
				9034AA3D1B71AAB10047CA79 /* tab_profile_btn.png in Resources */,
				9034AA3B1B71AAB10047CA79 /* tab_home_btn.png in Resources */,
				9034AA2E1B71A73F0047CA79 /* profile_seperator.png in Resources */,
				9034AA2F1B71A73F0047CA79 /* profile_sun_image.png in Resources */,
				90001C6D1B66BADD00E4F6D7 /* login_weibo_btn.png in Resources */,
				90001C781B676A8800E4F6D7 /* Main_logo.png in Resources */,
				9034AA721B73134C0047CA79 /* create_takephoto_button.png in Resources */,
				9034AA651B73134C0047CA79 /* create_cameraroll_button.png in Resources */,
				90001C731B66BADD00E4F6D7 /* verify_nav_bar.png in Resources */,
				90001C3E1B66B8BF00E4F6D7 /* LaunchScreen.xib in Resources */,
				90001C6B1B66BADD00E4F6D7 /* login_nav_bar.png in Resources */,
				90001C691B66BADD00E4F6D7 /* login_divide_bar.png in Resources */,
				9034AA1D1B71A73F0047CA79 /* profile_checkbtn_fill.png in Resources */,
				90001C6C1B66BADD00E4F6D7 /* login_wechat_btn.png in Resources */,
				9034AA741B73134C0047CA79 /* create_text_button.png in Resources */,
				901807C91B6F75DA00AFF0A2 /* profile_image_back.png in Resources */,
				9034AA301B71A73F0047CA79 /* profile_suncloudy_image.png in Resources */,
				90001C651B66BADD00E4F6D7 /* baby_nav_bar.png in Resources */,
				9034AA6E1B73134C0047CA79 /* create_selecttime_empty_image.png in Resources */,
				9034AA771B73BD0B0047CA79 /* create_close_button.png in Resources */,
				9034AA331B71A73F0047CA79 /* profile_user_image.png in Resources */,
				9034AA2A1B71A73F0047CA79 /* profile_menu_people.png in Resources */,
				901807DE1B6FCFFD00AFF0A2 /* comboDropIndicator.png in Resources */,
				90F906DE1B75799F003E6BC7 /* Images.xcassets in Resources */,
				90F906E41B76D0F2003E6BC7 /* blue_button.png in Resources */,
				9034AA201B71A73F0047CA79 /* profile_email_btn.png in Resources */,
				9034AAA71B7509E20047CA79 /* UzysAssetPickerController.bundle in Resources */,
				90001C671B66BADD00E4F6D7 /* forgot_btn.png in Resources */,
				90001C681B66BADD00E4F6D7 /* forgot_nav_bar.png in Resources */,
				90001C6A1B66BADD00E4F6D7 /* login_login_btn.png in Resources */,
				9034AA2B1B71A73F0047CA79 /* profile_person_image.png in Resources */,
				90001C3B1B66B8BF00E4F6D7 /* Images.xcassets in Resources */,
				9034AAA91B7509E20047CA79 /* UzysAssetsPickerController.xib in Resources */,
			);
			runOnlyForDeploymentPostprocessing = 0;
		};
/* End PBXResourcesBuildPhase section */

/* Begin PBXSourcesBuildPhase section */
		90001C261B66B8BE00E4F6D7 /* Sources */ = {
			isa = PBXSourcesBuildPhase;
			buildActionMask = 2147483647;
			files = (
				9034AA831B73DAAB0047CA79 /* PostTextViewController.m in Sources */,
				9034AA8E1B740A2F0047CA79 /* SearchLocationViewCell.m in Sources */,
				90001C7F1B67766A00E4F6D7 /* LoginViewController.m in Sources */,
				9034ACC01B7559CA0047CA79 /* PhostPhotoViewController.m in Sources */,
				9034AE961B75778D0047CA79 /* README.md in Sources */,
				90001C951B69019200E4F6D7 /* SignupVerifyViewController.m in Sources */,
				9034AAAA1B7509E20047CA79 /* UzysAssetsViewCell.m in Sources */,
				9034AAA61B7509E20047CA79 /* UzysAppearanceConfig.m in Sources */,
				9034AAAD1B7509E20047CA79 /* UzysWrapperPickerController.m in Sources */,
				9034AE951B75778D0047CA79 /* NSObject+YMOptionsAndDefaults.m in Sources */,
				90001C361B66B8BE00E4F6D7 /* ViewController.m in Sources */,
				90001C891B67826600E4F6D7 /* ForgotVerifyViewController.m in Sources */,
				9034AA8B1B7409820047CA79 /* PostSearchLocationViewController.m in Sources */,
				90001C831B67802C00E4F6D7 /* ForgotViewController.m in Sources */,
				90F906E11B75799F003E6BC7 /* THDatePickerViewController.m in Sources */,
				9034AAAC1B7509E20047CA79 /* UzysGroupViewCell.m in Sources */,
				9018075E1B6964EB00AFF0A2 /* BabySignupViewController.m in Sources */,
				9034AA481B721ED60047CA79 /* GrowthRecordViewCell.m in Sources */,
				9034AAA51B7509E20047CA79 /* UIImage+UzysExtension.m in Sources */,
				9034AAAB1B7509E20047CA79 /* UzysGroupPickerView.m in Sources */,
				90001C331B66B8BE00E4F6D7 /* AppDelegate.m in Sources */,
				9034AE971B75778D0047CA79 /* UIViewController+KNSemiModal.m in Sources */,
				9034AA7B1B73BECA0047CA79 /* PostOptionViewController.m in Sources */,
				90001C8D1B68F2C700E4F6D7 /* SignupViewController.m in Sources */,
				90001C301B66B8BE00E4F6D7 /* main.m in Sources */,
				901807CF1B6F7D1300AFF0A2 /* ComboBoxView.m in Sources */,
				9034AA7F1B73C7B00047CA79 /* MainTabbarController.m in Sources */,
				9034AA451B721E8B0047CA79 /* GrowthRecordViewController.m in Sources */,
				9034AE6C1B7572F90047CA79 /* PostPhotoDaytimeViewController.m in Sources */,
				9034AAA81B7509E20047CA79 /* UzysAssetsPickerController.m in Sources */,
				90F906DF1B75799F003E6BC7 /* THDateDay.m in Sources */,
				9034AE701B7573280047CA79 /* PostPhotoDaytimeSelectViewController.m in Sources */,
			);
			runOnlyForDeploymentPostprocessing = 0;
		};
/* End PBXSourcesBuildPhase section */

/* Begin PBXVariantGroup section */
		90001C371B66B8BF00E4F6D7 /* Main.storyboard */ = {
			isa = PBXVariantGroup;
			children = (
				90001C381B66B8BF00E4F6D7 /* Base */,
			);
			name = Main.storyboard;
			sourceTree = "<group>";
		};
		90001C3C1B66B8BF00E4F6D7 /* LaunchScreen.xib */ = {
			isa = PBXVariantGroup;
			children = (
				90001C3D1B66B8BF00E4F6D7 /* Base */,
			);
			name = LaunchScreen.xib;
			sourceTree = "<group>";
		};
/* End PBXVariantGroup section */

/* Begin XCBuildConfiguration section */
		90001C4B1B66B8BF00E4F6D7 /* Debug */ = {
			isa = XCBuildConfiguration;
			buildSettings = {
				ALWAYS_SEARCH_USER_PATHS = NO;
				CLANG_CXX_LANGUAGE_STANDARD = "gnu++0x";
				CLANG_CXX_LIBRARY = "libc++";
				CLANG_ENABLE_MODULES = YES;
				CLANG_ENABLE_OBJC_ARC = YES;
				CLANG_WARN_BOOL_CONVERSION = YES;
				CLANG_WARN_CONSTANT_CONVERSION = YES;
				CLANG_WARN_DIRECT_OBJC_ISA_USAGE = YES_ERROR;
				CLANG_WARN_EMPTY_BODY = YES;
				CLANG_WARN_ENUM_CONVERSION = YES;
				CLANG_WARN_INT_CONVERSION = YES;
				CLANG_WARN_OBJC_ROOT_CLASS = YES_ERROR;
				CLANG_WARN_UNREACHABLE_CODE = YES;
				CLANG_WARN__DUPLICATE_METHOD_MATCH = YES;
				"CODE_SIGN_IDENTITY[sdk=iphoneos*]" = "iPhone Developer";
				COPY_PHASE_STRIP = NO;
				DEBUG_INFORMATION_FORMAT = "dwarf-with-dsym";
				ENABLE_STRICT_OBJC_MSGSEND = YES;
				GCC_C_LANGUAGE_STANDARD = gnu99;
				GCC_DYNAMIC_NO_PIC = NO;
				GCC_NO_COMMON_BLOCKS = YES;
				GCC_OPTIMIZATION_LEVEL = 0;
				GCC_PREPROCESSOR_DEFINITIONS = (
					"DEBUG=1",
					"$(inherited)",
				);
				GCC_SYMBOLS_PRIVATE_EXTERN = NO;
				GCC_WARN_64_TO_32_BIT_CONVERSION = YES;
				GCC_WARN_ABOUT_RETURN_TYPE = YES_ERROR;
				GCC_WARN_UNDECLARED_SELECTOR = YES;
				GCC_WARN_UNINITIALIZED_AUTOS = YES_AGGRESSIVE;
				GCC_WARN_UNUSED_FUNCTION = YES;
				GCC_WARN_UNUSED_VARIABLE = YES;
				IPHONEOS_DEPLOYMENT_TARGET = 8.4;
				MTL_ENABLE_DEBUG_INFO = YES;
				ONLY_ACTIVE_ARCH = YES;
				SDKROOT = iphoneos;
			};
			name = Debug;
		};
		90001C4C1B66B8BF00E4F6D7 /* Release */ = {
			isa = XCBuildConfiguration;
			buildSettings = {
				ALWAYS_SEARCH_USER_PATHS = NO;
				CLANG_CXX_LANGUAGE_STANDARD = "gnu++0x";
				CLANG_CXX_LIBRARY = "libc++";
				CLANG_ENABLE_MODULES = YES;
				CLANG_ENABLE_OBJC_ARC = YES;
				CLANG_WARN_BOOL_CONVERSION = YES;
				CLANG_WARN_CONSTANT_CONVERSION = YES;
				CLANG_WARN_DIRECT_OBJC_ISA_USAGE = YES_ERROR;
				CLANG_WARN_EMPTY_BODY = YES;
				CLANG_WARN_ENUM_CONVERSION = YES;
				CLANG_WARN_INT_CONVERSION = YES;
				CLANG_WARN_OBJC_ROOT_CLASS = YES_ERROR;
				CLANG_WARN_UNREACHABLE_CODE = YES;
				CLANG_WARN__DUPLICATE_METHOD_MATCH = YES;
				"CODE_SIGN_IDENTITY[sdk=iphoneos*]" = "iPhone Developer";
				COPY_PHASE_STRIP = NO;
				DEBUG_INFORMATION_FORMAT = "dwarf-with-dsym";
				ENABLE_NS_ASSERTIONS = NO;
				ENABLE_STRICT_OBJC_MSGSEND = YES;
				GCC_C_LANGUAGE_STANDARD = gnu99;
				GCC_NO_COMMON_BLOCKS = YES;
				GCC_WARN_64_TO_32_BIT_CONVERSION = YES;
				GCC_WARN_ABOUT_RETURN_TYPE = YES_ERROR;
				GCC_WARN_UNDECLARED_SELECTOR = YES;
				GCC_WARN_UNINITIALIZED_AUTOS = YES_AGGRESSIVE;
				GCC_WARN_UNUSED_FUNCTION = YES;
				GCC_WARN_UNUSED_VARIABLE = YES;
				IPHONEOS_DEPLOYMENT_TARGET = 8.4;
				MTL_ENABLE_DEBUG_INFO = NO;
				SDKROOT = iphoneos;
				VALIDATE_PRODUCT = YES;
			};
			name = Release;
		};
		90001C4E1B66B8BF00E4F6D7 /* Debug */ = {
			isa = XCBuildConfiguration;
			buildSettings = {
				ASSETCATALOG_COMPILER_APPICON_NAME = AppIcon;
				ASSETCATALOG_COMPILER_LAUNCHIMAGE_NAME = LaunchImage;
				CODE_SIGN_IDENTITY = "iPhone Developer";
				"CODE_SIGN_IDENTITY[sdk=iphoneos*]" = "iPhone Developer";
				FRAMEWORK_SEARCH_PATHS = "";
				GCC_NO_COMMON_BLOCKS = NO;
				GCC_PRECOMPILE_PREFIX_HEADER = YES;
				GCC_PREFIX_HEADER = "Shiwa/Shiwa-Prefix.pch";
				INFOPLIST_FILE = Shiwa/Info.plist;
				IPHONEOS_DEPLOYMENT_TARGET = 8.4;
				LD_RUNPATH_SEARCH_PATHS = "$(inherited) @executable_path/Frameworks";
				PRODUCT_NAME = "$(TARGET_NAME)";
				PROVISIONING_PROFILE = "";
			};
			name = Debug;
		};
		90001C4F1B66B8BF00E4F6D7 /* Release */ = {
			isa = XCBuildConfiguration;
			buildSettings = {
				ASSETCATALOG_COMPILER_APPICON_NAME = AppIcon;
				ASSETCATALOG_COMPILER_LAUNCHIMAGE_NAME = LaunchImage;
				CODE_SIGN_IDENTITY = "iPhone Developer";
				"CODE_SIGN_IDENTITY[sdk=iphoneos*]" = "iPhone Developer";
				FRAMEWORK_SEARCH_PATHS = "";
				GCC_NO_COMMON_BLOCKS = NO;
				GCC_PRECOMPILE_PREFIX_HEADER = YES;
				GCC_PREFIX_HEADER = "Shiwa/Shiwa-Prefix.pch";
				INFOPLIST_FILE = Shiwa/Info.plist;
				IPHONEOS_DEPLOYMENT_TARGET = 8.4;
				LD_RUNPATH_SEARCH_PATHS = "$(inherited) @executable_path/Frameworks";
				PRODUCT_NAME = "$(TARGET_NAME)";
				PROVISIONING_PROFILE = "";
			};
			name = Release;
		};
/* End XCBuildConfiguration section */

/* Begin XCConfigurationList section */
		90001C251B66B8BE00E4F6D7 /* Build configuration list for PBXProject "Shiwa" */ = {
			isa = XCConfigurationList;
			buildConfigurations = (
				90001C4B1B66B8BF00E4F6D7 /* Debug */,
				90001C4C1B66B8BF00E4F6D7 /* Release */,
			);
			defaultConfigurationIsVisible = 0;
			defaultConfigurationName = Release;
		};
		90001C4D1B66B8BF00E4F6D7 /* Build configuration list for PBXNativeTarget "Shiwa" */ = {
			isa = XCConfigurationList;
			buildConfigurations = (
				90001C4E1B66B8BF00E4F6D7 /* Debug */,
				90001C4F1B66B8BF00E4F6D7 /* Release */,
			);
			defaultConfigurationIsVisible = 0;
			defaultConfigurationName = Release;
		};
/* End XCConfigurationList section */
	};
	rootObject = 90001C221B66B8BE00E4F6D7 /* Project object */;
}
